
Microsoft Visual Studio Solution File, Format Version 12.00
# Visual Studio 15
VisualStudioVersion = 15.0.27130.2026
MinimumVisualStudioVersion = 10.0.40219.1
Project("{2150E333-8FDC-42A3-9474-1A3956D46DE8}") = "Chapter1", "Chapter1", "{FCCB9104-3053-4420-A8C3-42CAD6E0B9C2}"
EndProject
Project("{2150E333-8FDC-42A3-9474-1A3956D46DE8}") = "Chapter2", "Chapter2", "{55E4378A-5BE9-43CB-B0D4-5E7DC560486E}"
EndProject
Project("{2150E333-8FDC-42A3-9474-1A3956D46DE8}") = "Chapter3", "Chapter3", "{575D0958-FEBC-46DD-AE3B-12EA755B0ADD}"
EndProject
Project("{2150E333-8FDC-42A3-9474-1A3956D46DE8}") = "Chapter4", "Chapter4", "{718D9F82-4879-4F69-A4CF-B6F24312A182}"
EndProject
Project("{2150E333-8FDC-42A3-9474-1A3956D46DE8}") = "Chapter5", "Chapter5", "{2CD98CAF-DE5F-4322-8912-0F959A7EA6D8}"
EndProject
Project("{2150E333-8FDC-42A3-9474-1A3956D46DE8}") = "Chapter6", "Chapter6", "{8E4CBC1E-574F-4247-AC5E-A196C9755795}"
EndProject
Project("{2150E333-8FDC-42A3-9474-1A3956D46DE8}") = "Chapter7", "Chapter7", "{BDB9340C-1FC3-41EE-891C-A9A8B766C987}"
EndProject
Project("{2150E333-8FDC-42A3-9474-1A3956D46DE8}") = "Chapter8", "Chapter8", "{C1BAC7F0-F74C-46FD-9B33-BE62641BB47B}"
EndProject
Project("{2150E333-8FDC-42A3-9474-1A3956D46DE8}") = "Chapter9", "Chapter9", "{742DD175-EE2C-4EB0-9264-F0BF218425E1}"
EndProject
Project("{2150E333-8FDC-42A3-9474-1A3956D46DE8}") = "Chapter10", "Chapter10", "{3A15DC58-C41C-46FC-A38C-2C0B157208C7}"
EndProject
Project("{8BC9CEB8-8B4A-11D0-8D11-00A0C91BC942}") = "C1A", "C1A\A.vcxproj", "{8D9E65DA-B3B4-495D-952B-9B29724B5DE8}"
EndProject
Project("{8BC9CEB8-8B4A-11D0-8D11-00A0C91BC942}") = "C1B", "C1B\C1B.vcxproj", "{F781A8CC-730A-491C-997F-5A6512136F55}"
EndProject
Project("{8BC9CEB8-8B4A-11D0-8D11-00A0C91BC942}") = "C1C", "C1C\C1C.vcxproj", "{1952991C-0856-42EB-8452-ABDF42407D9F}"
EndProject
Project("{8BC9CEB8-8B4A-11D0-8D11-00A0C91BC942}") = "C1D", "C1D\C1D.vcxproj", "{EA0B6573-A054-4B04-8E90-9E9B5CB72EFA}"
EndProject
Project("{8BC9CEB8-8B4A-11D0-8D11-00A0C91BC942}") = "C1E.c", "C1E.c\C1E.c.vcxproj", "{E0B342F6-6978-4EFA-A9AE-1DC15A9B2B50}"
EndProject
Project("{8BC9CEB8-8B4A-11D0-8D11-00A0C91BC942}") = "C1salary", "C1salary\C1salary.vcxproj", "{67E9900A-85DB-4D27-BAA1-82801E5FBF73}"
EndProject
Project("{8BC9CEB8-8B4A-11D0-8D11-00A0C91BC942}") = "C1distance", "C1distance\C1distance.vcxproj", "{2396CE14-B668-4B17-B6D1-77BCBB081038}"
EndProject
Project("{8BC9CEB8-8B4A-11D0-8D11-00A0C91BC942}") = "precentage", "precentage\precentage.vcxproj", "{91B48935-CF5C-4CC2-9B5B-660FBEB3AA98}"
EndProject
Project("{8BC9CEB8-8B4A-11D0-8D11-00A0C91BC942}") = "C1areaofREcCircle", "C1areaofREcCircle\C1areaofREcCircle.vcxproj", "{D1D1684F-F267-468A-AD0D-A1ACD0687087}"
EndProject
Project("{8BC9CEB8-8B4A-11D0-8D11-00A0C91BC942}") = "temperature", "temperature\temperature.vcxproj", "{3E044E70-4FF5-4854-A839-F4B8573D14BB}"
EndProject
Project("{8BC9CEB8-8B4A-11D0-8D11-00A0C91BC942}") = "C15digits", "C15digits\C15digits.vcxproj", "{8C4B4F92-13BB-481E-A848-D9EC476825F5}"
EndProject
Project("{8BC9CEB8-8B4A-11D0-8D11-00A0C91BC942}") = "C2A", "C2A\C2A.vcxproj", "{7667A10B-BE21-4769-B7CA-1411CBEE1639}"
EndProject
Project("{8BC9CEB8-8B4A-11D0-8D11-00A0C91BC942}") = "C2B", "C2B\C2B.vcxproj", "{A9E1B5C9-AD29-499E-A4D6-531109D29853}"
EndProject
Project("{8BC9CEB8-8B4A-11D0-8D11-00A0C91BC942}") = "C2C", "C2C\C2C.vcxproj", "{1B3AB210-E0C0-420F-8EEA-02B46EABA2C5}"
EndProject
Project("{8BC9CEB8-8B4A-11D0-8D11-00A0C91BC942}") = "C2D", "C2D\C2D.vcxproj", "{AA3072ED-525D-435C-8258-A32EBFC31B99}"
EndProject
Project("{8BC9CEB8-8B4A-11D0-8D11-00A0C91BC942}") = "C2E", "C2E\C2E.vcxproj", "{5FBBC2DD-37B9-4E60-88D4-2554B7B2DC7F}"
EndProject
Project("{8BC9CEB8-8B4A-11D0-8D11-00A0C91BC942}") = "C2F", "C2F\C2F.vcxproj", "{D5E7B585-9276-462C-9587-8333C9CB26B1}"
EndProject
Project("{8BC9CEB8-8B4A-11D0-8D11-00A0C91BC942}") = "C2G", "C2G\C2G.vcxproj", "{8C6BEC16-C4D6-4CC1-9211-0A5E2AF9839F}"
EndProject
Project("{8BC9CEB8-8B4A-11D0-8D11-00A0C91BC942}") = "C2H", "C2H\C2H.vcxproj", "{A9260FA5-DB01-48D8-9F61-3C0C0290AF8E}"
EndProject
Project("{8BC9CEB8-8B4A-11D0-8D11-00A0C91BC942}") = "C2I", "C2I\C2I.vcxproj", "{03FC25B5-C96D-43CD-8F3A-6E3A3343E71B}"
EndProject
Project("{8BC9CEB8-8B4A-11D0-8D11-00A0C91BC942}") = "C2J", "C2J\C2J.vcxproj", "{1AEAB96B-E39A-45A3-BA55-47C252B897F0}"
EndProject
Project("{2150E333-8FDC-42A3-9474-1A3956D46DE8}") = "section B", "section B", "{322DE7C3-4C28-4728-B8CE-5FA9A4E076BD}"
EndProject
Project("{8BC9CEB8-8B4A-11D0-8D11-00A0C91BC942}") = "C2Ba", "C2Ba\C2Ba.vcxproj", "{52F431A4-0C0E-4AB0-A112-D6FDEA982761}"
EndProject
Project("{8BC9CEB8-8B4A-11D0-8D11-00A0C91BC942}") = "C1Bb", "C1Bb\C1Bb.vcxproj", "{CB4A7915-103E-41E4-877C-686FFD6ACC3A}"
EndProject
Project("{8BC9CEB8-8B4A-11D0-8D11-00A0C91BC942}") = "C1Bc", "C1Bc\C1Bc.vcxproj", "{6CA5FCCE-8EF2-4EF0-B0F8-EC81E07CAD12}"
EndProject
Project("{8BC9CEB8-8B4A-11D0-8D11-00A0C91BC942}") = "C1Bd", "C1Bd\C1Bd.vcxproj", "{06F2225D-3298-431F-985A-A5D44CA930A1}"
EndProject
Project("{8BC9CEB8-8B4A-11D0-8D11-00A0C91BC942}") = "C1Be", "C1Be\C1Be.vcxproj", "{279A8CF5-2D21-4A38-8CD5-10093B7CFAB6}"
EndProject
Project("{8BC9CEB8-8B4A-11D0-8D11-00A0C91BC942}") = "C2Bf", "C2Bf\C2Bf.vcxproj", "{2E317A62-D877-48F0-A8E7-16FCC8BA4915}"
EndProject
Project("{8BC9CEB8-8B4A-11D0-8D11-00A0C91BC942}") = "C1Bg", "C1Bg\C1Bg.vcxproj", "{6EB80F12-0C99-4051-A425-FCD7A6714B5A}"
EndProject
Project("{8BC9CEB8-8B4A-11D0-8D11-00A0C91BC942}") = "C2profit or loss", "C2profit or loss\C2profit or loss.vcxproj", "{C26AB2B5-0C1E-4D25-B465-BABB7764458D}"
EndProject
Project("{8BC9CEB8-8B4A-11D0-8D11-00A0C91BC942}") = "C2EvenandOdd", "C2EvenandOdd\C2EvenandOdd.vcxproj", "{47CF6FF5-376E-4827-94D7-5E759FC31C5E}"
EndProject
Project("{8BC9CEB8-8B4A-11D0-8D11-00A0C91BC942}") = "modulus operator", "modulus operator\modulus operator.vcxproj", "{6AC67760-39A8-4690-8AC9-BE2B193B9414}"
EndProject
Project("{8BC9CEB8-8B4A-11D0-8D11-00A0C91BC942}") = "C1firstJan", "C1firstJan\C1firstJan.vcxproj", "{4231D525-3A29-40D4-8002-70EE984ECEE6}"
EndProject
Project("{8BC9CEB8-8B4A-11D0-8D11-00A0C91BC942}") = "C2equal", "C2equal\C2equal.vcxproj", "{D6519132-EF66-4679-894F-03DB7F4CF4B6}"
EndProject
Project("{2150E333-8FDC-42A3-9474-1A3956D46DE8}") = "Section1", "Section1", "{7A9F3284-03C6-4E8F-B506-87B99859C611}"
EndProject
Project("{8BC9CEB8-8B4A-11D0-8D11-00A0C91BC942}") = "C3A", "C3A\C3A.vcxproj", "{456355E1-F9FC-44AF-9341-F24C870A95A3}"
EndProject
Project("{8BC9CEB8-8B4A-11D0-8D11-00A0C91BC942}") = "C3B", "C3B\C3B.vcxproj", "{33B3F2EA-FC82-4AA9-8C72-3367725CBF76}"
EndProject
Project("{8BC9CEB8-8B4A-11D0-8D11-00A0C91BC942}") = "C3C", "C3C\C3C.vcxproj", "{86FAFF37-4149-4F8B-B649-AFB8B1A4E630}"
EndProject
Project("{8BC9CEB8-8B4A-11D0-8D11-00A0C91BC942}") = "C3D", "C3D.c\C3D.c.vcxproj", "{521D77B2-D796-43E3-B7C8-E790062A4CF9}"
EndProject
Project("{8BC9CEB8-8B4A-11D0-8D11-00A0C91BC942}") = "C3E", "C3E\C3E.vcxproj", "{8B13734F-9B27-4123-B5C7-518141627BE3}"
EndProject
Project("{8BC9CEB8-8B4A-11D0-8D11-00A0C91BC942}") = "C3F", "C3F\C3F.vcxproj", "{02E36CF9-6441-4174-9102-111755E9B065}"
EndProject
Project("{8BC9CEB8-8B4A-11D0-8D11-00A0C91BC942}") = "C3G", "C3G\C3G.vcxproj", "{8F4A1E21-955D-4233-9878-D3E303FBC6E0}"
EndProject
Project("{8BC9CEB8-8B4A-11D0-8D11-00A0C91BC942}") = "C3H", "C3H\C3H.vcxproj", "{917BF8C4-9464-48CD-B93D-2DFF981B668F}"
EndProject
Project("{8BC9CEB8-8B4A-11D0-8D11-00A0C91BC942}") = "C3I", "C3I\C3I.vcxproj", "{085794F7-BCB8-4409-944B-DC59E7DECF48}"
EndProject
Project("{2150E333-8FDC-42A3-9474-1A3956D46DE8}") = "Section2", "Section2", "{A4775E79-36C0-4880-90CD-6DCBF30F277C}"
EndProject
Project("{8BC9CEB8-8B4A-11D0-8D11-00A0C91BC942}") = "C3A1", "C3A1\C3A1.vcxproj", "{89B00C1A-7ABC-4F3D-B0C2-211AB847DAC7}"
EndProject
Project("{2150E333-8FDC-42A3-9474-1A3956D46DE8}") = "Section1", "Section1", "{0EE475C9-7370-489A-A506-CC96E3A5BA50}"
EndProject
Project("{8BC9CEB8-8B4A-11D0-8D11-00A0C91BC942}") = "C4A", "C4A\C4A.vcxproj", "{7D5076A1-9E10-44F3-98EC-216897F553A2}"
EndProject
Project("{8BC9CEB8-8B4A-11D0-8D11-00A0C91BC942}") = "C4B", "C4B\C4B.vcxproj", "{A350BA28-4D0E-46E0-A6D7-A662895DF61A}"
EndProject
Project("{8BC9CEB8-8B4A-11D0-8D11-00A0C91BC942}") = "C4C", "C4C\C4C.vcxproj", "{D44E8915-2B0B-4779-8B96-60DF1E271E2C}"
EndProject
Project("{8BC9CEB8-8B4A-11D0-8D11-00A0C91BC942}") = "C4D", "C4D\C4D.vcxproj", "{3EBAAC92-2088-490F-AA27-6CE71FCB1B3C}"
EndProject
Project("{8BC9CEB8-8B4A-11D0-8D11-00A0C91BC942}") = "C4E", "C4E\C4E.vcxproj", "{85DAC7C0-F89E-4135-A8DE-2725B3868F8D}"
EndProject
Project("{8BC9CEB8-8B4A-11D0-8D11-00A0C91BC942}") = "C4F", "C4F\C4F.vcxproj", "{745798B3-5315-402B-A022-67DEBF2A16F6}"
EndProject
Project("{2150E333-8FDC-42A3-9474-1A3956D46DE8}") = "Section2", "Section2", "{0537D7F3-56B1-42FD-B2A9-350F2571C4F0}"
EndProject
Project("{8BC9CEB8-8B4A-11D0-8D11-00A0C91BC942}") = "C4Ba", "C4Ba\C4Ba.vcxproj", "{2B89FF78-9F14-4A2C-8504-9D25A32032C1}"
EndProject
Project("{8BC9CEB8-8B4A-11D0-8D11-00A0C91BC942}") = "C4Bb", "C4Bb\C4Bb.vcxproj", "{EE1D507F-F654-4147-B129-48F55A9E8D30}"
EndProject
Project("{8BC9CEB8-8B4A-11D0-8D11-00A0C91BC942}") = "C4Bc", "C4Bc\C4Bc.vcxproj", "{EF495310-DAAB-4C06-A30E-1D6FFF19CAD1}"
EndProject
Project("{8BC9CEB8-8B4A-11D0-8D11-00A0C91BC942}") = "C4Bd", "C4Bd\C4Bd.vcxproj", "{B3C31184-190B-4600-8F4D-4E15987E0AC3}"
EndProject
Project("{8BC9CEB8-8B4A-11D0-8D11-00A0C91BC942}") = "C4menu", "C4menu\C4menu.vcxproj", "{61D733F4-A9C2-4477-9123-CCD15E21CC81}"
EndProject
Project("{8BC9CEB8-8B4A-11D0-8D11-00A0C91BC942}") = "C4marks", "C4marks\C4marks.vcxproj", "{F5592E44-70EE-4E3D-8066-CB92AF39D017}"
EndProject
Project("{2150E333-8FDC-42A3-9474-1A3956D46DE8}") = "Section1", "Section1", "{4C3A05CC-504A-47F4-9AF8-FDE92303B621}"
EndProject
Project("{8BC9CEB8-8B4A-11D0-8D11-00A0C91BC942}") = "C5Aa", "C5Aa\C5Aa.vcxproj", "{1D9BA325-BF3C-474C-AC8D-7B513ECBF329}"
EndProject
Project("{8BC9CEB8-8B4A-11D0-8D11-00A0C91BC942}") = "C5Ab", "C5Ab\C5Ab.vcxproj", "{72EA6DF9-A1DD-45DF-B97E-B947CC403E35}"
EndProject
Project("{8BC9CEB8-8B4A-11D0-8D11-00A0C91BC942}") = "C5Ac", "C5Ac\C5Ac.vcxproj", "{C34E3162-FE24-4F9B-98D9-FEBB7CBBBB55}"
EndProject
Project("{8BC9CEB8-8B4A-11D0-8D11-00A0C91BC942}") = "C5Ad", "C5Ad\C5Ad.vcxproj", "{D38457E2-993D-489F-8B4B-0FE05A45AFB7}"
EndProject
Project("{2150E333-8FDC-42A3-9474-1A3956D46DE8}") = "Section2", "Section2", "{F5FC8E29-B061-45D7-B7A1-DB879D885899}"
EndProject
Project("{8BC9CEB8-8B4A-11D0-8D11-00A0C91BC942}") = "C5Ba", "C5Ba\C5Ba.vcxproj", "{AE0DA964-ABAA-4D27-AE8D-EBE990A0B1EB}"
EndProject
Project("{8BC9CEB8-8B4A-11D0-8D11-00A0C91BC942}") = "C5Bb", "C5Bb\C5Bb.vcxproj", "{92E99224-9B4E-4FFE-B3BF-8069682751DD}"
EndProject
Project("{8BC9CEB8-8B4A-11D0-8D11-00A0C91BC942}") = "C5Bc", "C5Bc\C5Bc.vcxproj", "{F3DF1823-595B-437D-A720-C98181C9D48D}"
EndProject
Project("{8BC9CEB8-8B4A-11D0-8D11-00A0C91BC942}") = "C5Bd", "C5Bd\C5Bd.vcxproj", "{4C000F97-FF6A-4E2D-8273-15948C33E8B0}"
EndProject
Project("{8BC9CEB8-8B4A-11D0-8D11-00A0C91BC942}") = "C5Be", "C5Be\C5Be.vcxproj", "{E8D70E4E-04A6-480C-8B95-21216FE908BA}"
EndProject
Project("{8BC9CEB8-8B4A-11D0-8D11-00A0C91BC942}") = "C5Bf", "C5Bf\C5Bf.vcxproj", "{C3DAAB8E-431C-4689-9FA0-22D4A54B4D7F}"
EndProject
Project("{2150E333-8FDC-42A3-9474-1A3956D46DE8}") = "section3", "section3", "{02A164BD-A7E4-4056-B40F-C9A632CB968B}"
EndProject
Project("{8BC9CEB8-8B4A-11D0-8D11-00A0C91BC942}") = "C5Da", "C5Ca\C5Ca.vcxproj", "{5E2AC76A-0DB1-4DB2-BBDB-D95A7C6C818D}"
EndProject
Project("{2150E333-8FDC-42A3-9474-1A3956D46DE8}") = "section1", "section1", "{29CE982E-3595-401D-AE16-D2582196D86B}"
EndProject
Project("{8BC9CEB8-8B4A-11D0-8D11-00A0C91BC942}") = "C6Aa", "C6Aa\C6Aa.vcxproj", "{DACCEDEB-306B-4BD4-A465-B0CAD0B0998E}"
EndProject
Project("{8BC9CEB8-8B4A-11D0-8D11-00A0C91BC942}") = "C6Ab", "C6Ab\C6Ab.vcxproj", "{7666B877-972C-45E1-9E39-F8B1A3C96BBE}"
EndProject
Project("{8BC9CEB8-8B4A-11D0-8D11-00A0C91BC942}") = "C6Ac", "C6Ac\C6Ac.vcxproj", "{226C855D-19F1-41C7-B436-D29C05D430C1}"
EndProject
Project("{8BC9CEB8-8B4A-11D0-8D11-00A0C91BC942}") = "C6Ad", "C6Ad\C6Ad.vcxproj", "{8C046CCF-C4AF-47AB-AF9D-3FE5817F4407}"
EndProject
Project("{8BC9CEB8-8B4A-11D0-8D11-00A0C91BC942}") = "C6Ae", "C6Ae\C6Ae.vcxproj", "{7BB267C2-4730-451A-8E29-DB8763877842}"
EndProject
Project("{8BC9CEB8-8B4A-11D0-8D11-00A0C91BC942}") = "C6Af", "C6Af\C6Af.vcxproj", "{17402AA5-79B3-4F4D-80E4-59A306E5CFEB}"
EndProject
Project("{8BC9CEB8-8B4A-11D0-8D11-00A0C91BC942}") = "C6Ag", "C6Ag\C6Ag.vcxproj", "{5A241DC3-B633-4F76-BA1C-F3EAFBEDCBD4}"
EndProject
Project("{8BC9CEB8-8B4A-11D0-8D11-00A0C91BC942}") = "C6Ah", "C6Ah\C6Ah.vcxproj", "{A977C8CF-7904-472F-8E83-F189F71AFDE3}"
EndProject
Project("{8BC9CEB8-8B4A-11D0-8D11-00A0C91BC942}") = "C6Ai", "C6Ai\C6Ai.vcxproj", "{4500AC2B-9FEF-4581-A6C7-AEDAAB5FA89B}"
EndProject
Project("{2150E333-8FDC-42A3-9474-1A3956D46DE8}") = "section2", "section2", "{9A12557B-8DB0-44BA-8B48-5022536042BA}"
EndProject
Project("{8BC9CEB8-8B4A-11D0-8D11-00A0C91BC942}") = "C6Ba", "C6Ba\C6Ba.vcxproj", "{967E3FA7-D469-4B61-AE56-6566A8C868A3}"
EndProject
Project("{8BC9CEB8-8B4A-11D0-8D11-00A0C91BC942}") = "C6Bb", "C6Bb\C6Bb.vcxproj", "{BD7C34CC-4E0D-43B3-A028-E51379933DC8}"
EndProject
Project("{8BC9CEB8-8B4A-11D0-8D11-00A0C91BC942}") = "C6Bc", "C6Bc\C6Bc.vcxproj", "{3ED474AB-BB04-4813-9B12-A3D7F7EFD8AE}"
EndProject
Project("{8BC9CEB8-8B4A-11D0-8D11-00A0C91BC942}") = "C6Bd", "C6Bd\C6Bd.vcxproj", "{36C4DE3C-D469-44EF-AE9B-77B515FCCED1}"
EndProject
Project("{8BC9CEB8-8B4A-11D0-8D11-00A0C91BC942}") = "C6Be", "C6Be\C6Be.vcxproj", "{6BE60F4D-3867-4BA6-9BBB-9E50B0A92362}"
EndProject
Project("{8BC9CEB8-8B4A-11D0-8D11-00A0C91BC942}") = "C6Bf", "C6Bf\C6Bf.vcxproj", "{378D1FD6-299C-4A73-8576-476DF662F461}"
EndProject
Project("{8BC9CEB8-8B4A-11D0-8D11-00A0C91BC942}") = "C6D", "C6D\C6D.vcxproj", "{1A45C05D-0618-45AB-85C7-BE0334D1ED2A}"
EndProject
Project("{2150E333-8FDC-42A3-9474-1A3956D46DE8}") = "Section1", "Section1", "{67DEC2B4-30E1-4BCE-B35F-19FADE414370}"
EndProject
Project("{8BC9CEB8-8B4A-11D0-8D11-00A0C91BC942}") = "C7A", "C7A\C7A.vcxproj", "{788ED518-ECCD-4371-9D6D-C0B5CBAF420E}"
EndProject
Project("{8BC9CEB8-8B4A-11D0-8D11-00A0C91BC942}") = "C7B", "C7B\C7B.vcxproj", "{2A116730-F7F5-4B68-A3A2-07DC0FA244CF}"
EndProject
Project("{8BC9CEB8-8B4A-11D0-8D11-00A0C91BC942}") = "C7C", "C7C\C7C.vcxproj", "{DFD937AB-2487-411F-81D4-676A4FBC8ABF}"
EndProject
Project("{8BC9CEB8-8B4A-11D0-8D11-00A0C91BC942}") = "C7D", "C7D\C7D.vcxproj", "{60630689-9477-47EB-ABD9-AE766CD1E313}"
EndProject
Project("{8BC9CEB8-8B4A-11D0-8D11-00A0C91BC942}") = "C7E", "C7E\C7E.vcxproj", "{14B2D3B0-766E-44FE-8D69-6F81431B3D2C}"
EndProject
Project("{8BC9CEB8-8B4A-11D0-8D11-00A0C91BC942}") = "C7C1", "C7C1\C7C1.vcxproj", "{C492A2B7-8984-40D3-9170-8FFB6441BA17}"
EndProject
Project("{2150E333-8FDC-42A3-9474-1A3956D46DE8}") = "SectionA", "SectionA", "{A14E7749-1212-4B47-86C4-459541B2754C}"
EndProject
Project("{8BC9CEB8-8B4A-11D0-8D11-00A0C91BC942}") = "C9A1", "C9A1\C9A1.vcxproj", "{A1644483-C6D6-4F27-B0F9-B4A03A19C8B0}"
EndProject
Project("{8BC9CEB8-8B4A-11D0-8D11-00A0C91BC942}") = "C9A2", "C9A2\C9A2.vcxproj", "{AEF60989-8EB8-413F-A220-6E8A99A44E6A}"
EndProject
Project("{8BC9CEB8-8B4A-11D0-8D11-00A0C91BC942}") = "C9A3", "C9A3\C9A3.vcxproj", "{D451D5DB-5F63-4E76-9767-6616FAC6B383}"
EndProject
Project("{8BC9CEB8-8B4A-11D0-8D11-00A0C91BC942}") = "C9A4", "C9A4\C9A4.vcxproj", "{9DE18165-C30E-4230-AC33-B4B97E71CE17}"
EndProject
Project("{8BC9CEB8-8B4A-11D0-8D11-00A0C91BC942}") = "C9A5", "C9A5\C9A5.vcxproj", "{44A914D1-F0B4-4C37-B9B4-5248F51C1D36}"
EndProject
Project("{8BC9CEB8-8B4A-11D0-8D11-00A0C91BC942}") = "C9A6", "C9A6\C9A6.vcxproj", "{68D5466B-D8B9-45E4-8853-8418C19C3166}"
EndProject
Project("{8BC9CEB8-8B4A-11D0-8D11-00A0C91BC942}") = "C9A7", "C9A7\C9A7.vcxproj", "{2AB40FDE-2185-4E45-99A1-F14171238CB1}"
EndProject
Project("{8BC9CEB8-8B4A-11D0-8D11-00A0C91BC942}") = "C9A8", "C9A8\C9A8.vcxproj", "{0CBF5C12-AE38-45A0-BFA3-9A35D825486E}"
EndProject
Project("{2150E333-8FDC-42A3-9474-1A3956D46DE8}") = "Section1", "Section1", "{B21E5448-9F4C-44AA-BE8C-68BB9432A534}"
EndProject
Project("{8BC9CEB8-8B4A-11D0-8D11-00A0C91BC942}") = "C10A1", "C10A1\C10A1.vcxproj", "{5E1E3261-F7D4-45DB-B183-7D50E437009F}"
EndProject
Project("{8BC9CEB8-8B4A-11D0-8D11-00A0C91BC942}") = "C10A2", "C10A2\C10A2.vcxproj", "{231C885B-C53B-460B-8CE4-13DDF13DF6DF}"
EndProject
Project("{2150E333-8FDC-42A3-9474-1A3956D46DE8}") = "Section2", "Section2", "{405854D0-1E38-4D97-8968-5E0108383D75}"
EndProject
Project("{8BC9CEB8-8B4A-11D0-8D11-00A0C91BC942}") = "C10B1", "C10B1\C10B1.vcxproj", "{82D8B452-0356-4FC2-B7A1-075E4CD71017}"
EndProject
Project("{8BC9CEB8-8B4A-11D0-8D11-00A0C91BC942}") = "C10B2", "C10B2\C10B2.vcxproj", "{69329174-6A42-4236-9B7E-A1CBB95C2985}"
EndProject
Project("{8BC9CEB8-8B4A-11D0-8D11-00A0C91BC942}") = "C10B3", "C10B3\C10B3.vcxproj", "{8AF13C4B-D202-4E54-AE9E-C30DE322D4F3}"
EndProject
Project("{8BC9CEB8-8B4A-11D0-8D11-00A0C91BC942}") = "C10B4", "C10B4\C10B4.vcxproj", "{71248699-6F6C-458C-A4FE-AF78579AFAA0}"
EndProject
Global
	GlobalSection(SolutionConfigurationPlatforms) = preSolution
		Debug|x64 = Debug|x64
		Debug|x86 = Debug|x86
		Release|x64 = Release|x64
		Release|x86 = Release|x86
	EndGlobalSection
	GlobalSection(ProjectConfigurationPlatforms) = postSolution
		{8D9E65DA-B3B4-495D-952B-9B29724B5DE8}.Debug|x64.ActiveCfg = Debug|x64
		{8D9E65DA-B3B4-495D-952B-9B29724B5DE8}.Debug|x64.Build.0 = Debug|x64
		{8D9E65DA-B3B4-495D-952B-9B29724B5DE8}.Debug|x86.ActiveCfg = Debug|Win32
		{8D9E65DA-B3B4-495D-952B-9B29724B5DE8}.Debug|x86.Build.0 = Debug|Win32
		{8D9E65DA-B3B4-495D-952B-9B29724B5DE8}.Release|x64.ActiveCfg = Release|x64
		{8D9E65DA-B3B4-495D-952B-9B29724B5DE8}.Release|x64.Build.0 = Release|x64
		{8D9E65DA-B3B4-495D-952B-9B29724B5DE8}.Release|x86.ActiveCfg = Release|Win32
		{8D9E65DA-B3B4-495D-952B-9B29724B5DE8}.Release|x86.Build.0 = Release|Win32
		{F781A8CC-730A-491C-997F-5A6512136F55}.Debug|x64.ActiveCfg = Debug|x64
		{F781A8CC-730A-491C-997F-5A6512136F55}.Debug|x64.Build.0 = Debug|x64
		{F781A8CC-730A-491C-997F-5A6512136F55}.Debug|x86.ActiveCfg = Debug|Win32
		{F781A8CC-730A-491C-997F-5A6512136F55}.Debug|x86.Build.0 = Debug|Win32
		{F781A8CC-730A-491C-997F-5A6512136F55}.Release|x64.ActiveCfg = Release|x64
		{F781A8CC-730A-491C-997F-5A6512136F55}.Release|x64.Build.0 = Release|x64
		{F781A8CC-730A-491C-997F-5A6512136F55}.Release|x86.ActiveCfg = Release|Win32
		{F781A8CC-730A-491C-997F-5A6512136F55}.Release|x86.Build.0 = Release|Win32
		{1952991C-0856-42EB-8452-ABDF42407D9F}.Debug|x64.ActiveCfg = Debug|x64
		{1952991C-0856-42EB-8452-ABDF42407D9F}.Debug|x64.Build.0 = Debug|x64
		{1952991C-0856-42EB-8452-ABDF42407D9F}.Debug|x86.ActiveCfg = Debug|Win32
		{1952991C-0856-42EB-8452-ABDF42407D9F}.Debug|x86.Build.0 = Debug|Win32
		{1952991C-0856-42EB-8452-ABDF42407D9F}.Release|x64.ActiveCfg = Release|x64
		{1952991C-0856-42EB-8452-ABDF42407D9F}.Release|x64.Build.0 = Release|x64
		{1952991C-0856-42EB-8452-ABDF42407D9F}.Release|x86.ActiveCfg = Release|Win32
		{1952991C-0856-42EB-8452-ABDF42407D9F}.Release|x86.Build.0 = Release|Win32
		{EA0B6573-A054-4B04-8E90-9E9B5CB72EFA}.Debug|x64.ActiveCfg = Debug|x64
		{EA0B6573-A054-4B04-8E90-9E9B5CB72EFA}.Debug|x64.Build.0 = Debug|x64
		{EA0B6573-A054-4B04-8E90-9E9B5CB72EFA}.Debug|x86.ActiveCfg = Debug|Win32
		{EA0B6573-A054-4B04-8E90-9E9B5CB72EFA}.Debug|x86.Build.0 = Debug|Win32
		{EA0B6573-A054-4B04-8E90-9E9B5CB72EFA}.Release|x64.ActiveCfg = Release|x64
		{EA0B6573-A054-4B04-8E90-9E9B5CB72EFA}.Release|x64.Build.0 = Release|x64
		{EA0B6573-A054-4B04-8E90-9E9B5CB72EFA}.Release|x86.ActiveCfg = Release|Win32
		{EA0B6573-A054-4B04-8E90-9E9B5CB72EFA}.Release|x86.Build.0 = Release|Win32
		{E0B342F6-6978-4EFA-A9AE-1DC15A9B2B50}.Debug|x64.ActiveCfg = Debug|x64
		{E0B342F6-6978-4EFA-A9AE-1DC15A9B2B50}.Debug|x64.Build.0 = Debug|x64
		{E0B342F6-6978-4EFA-A9AE-1DC15A9B2B50}.Debug|x86.ActiveCfg = Debug|Win32
		{E0B342F6-6978-4EFA-A9AE-1DC15A9B2B50}.Debug|x86.Build.0 = Debug|Win32
		{E0B342F6-6978-4EFA-A9AE-1DC15A9B2B50}.Release|x64.ActiveCfg = Release|x64
		{E0B342F6-6978-4EFA-A9AE-1DC15A9B2B50}.Release|x64.Build.0 = Release|x64
		{E0B342F6-6978-4EFA-A9AE-1DC15A9B2B50}.Release|x86.ActiveCfg = Release|Win32
		{E0B342F6-6978-4EFA-A9AE-1DC15A9B2B50}.Release|x86.Build.0 = Release|Win32
		{67E9900A-85DB-4D27-BAA1-82801E5FBF73}.Debug|x64.ActiveCfg = Debug|x64
		{67E9900A-85DB-4D27-BAA1-82801E5FBF73}.Debug|x64.Build.0 = Debug|x64
		{67E9900A-85DB-4D27-BAA1-82801E5FBF73}.Debug|x86.ActiveCfg = Debug|Win32
		{67E9900A-85DB-4D27-BAA1-82801E5FBF73}.Debug|x86.Build.0 = Debug|Win32
		{67E9900A-85DB-4D27-BAA1-82801E5FBF73}.Release|x64.ActiveCfg = Release|x64
		{67E9900A-85DB-4D27-BAA1-82801E5FBF73}.Release|x64.Build.0 = Release|x64
		{67E9900A-85DB-4D27-BAA1-82801E5FBF73}.Release|x86.ActiveCfg = Release|Win32
		{67E9900A-85DB-4D27-BAA1-82801E5FBF73}.Release|x86.Build.0 = Release|Win32
		{2396CE14-B668-4B17-B6D1-77BCBB081038}.Debug|x64.ActiveCfg = Debug|x64
		{2396CE14-B668-4B17-B6D1-77BCBB081038}.Debug|x64.Build.0 = Debug|x64
		{2396CE14-B668-4B17-B6D1-77BCBB081038}.Debug|x86.ActiveCfg = Debug|Win32
		{2396CE14-B668-4B17-B6D1-77BCBB081038}.Debug|x86.Build.0 = Debug|Win32
		{2396CE14-B668-4B17-B6D1-77BCBB081038}.Release|x64.ActiveCfg = Release|x64
		{2396CE14-B668-4B17-B6D1-77BCBB081038}.Release|x64.Build.0 = Release|x64
		{2396CE14-B668-4B17-B6D1-77BCBB081038}.Release|x86.ActiveCfg = Release|Win32
		{2396CE14-B668-4B17-B6D1-77BCBB081038}.Release|x86.Build.0 = Release|Win32
		{91B48935-CF5C-4CC2-9B5B-660FBEB3AA98}.Debug|x64.ActiveCfg = Debug|x64
		{91B48935-CF5C-4CC2-9B5B-660FBEB3AA98}.Debug|x64.Build.0 = Debug|x64
		{91B48935-CF5C-4CC2-9B5B-660FBEB3AA98}.Debug|x86.ActiveCfg = Debug|Win32
		{91B48935-CF5C-4CC2-9B5B-660FBEB3AA98}.Debug|x86.Build.0 = Debug|Win32
		{91B48935-CF5C-4CC2-9B5B-660FBEB3AA98}.Release|x64.ActiveCfg = Release|x64
		{91B48935-CF5C-4CC2-9B5B-660FBEB3AA98}.Release|x64.Build.0 = Release|x64
		{91B48935-CF5C-4CC2-9B5B-660FBEB3AA98}.Release|x86.ActiveCfg = Release|Win32
		{91B48935-CF5C-4CC2-9B5B-660FBEB3AA98}.Release|x86.Build.0 = Release|Win32
		{D1D1684F-F267-468A-AD0D-A1ACD0687087}.Debug|x64.ActiveCfg = Debug|x64
		{D1D1684F-F267-468A-AD0D-A1ACD0687087}.Debug|x64.Build.0 = Debug|x64
		{D1D1684F-F267-468A-AD0D-A1ACD0687087}.Debug|x86.ActiveCfg = Debug|Win32
		{D1D1684F-F267-468A-AD0D-A1ACD0687087}.Debug|x86.Build.0 = Debug|Win32
		{D1D1684F-F267-468A-AD0D-A1ACD0687087}.Release|x64.ActiveCfg = Release|x64
		{D1D1684F-F267-468A-AD0D-A1ACD0687087}.Release|x64.Build.0 = Release|x64
		{D1D1684F-F267-468A-AD0D-A1ACD0687087}.Release|x86.ActiveCfg = Release|Win32
		{D1D1684F-F267-468A-AD0D-A1ACD0687087}.Release|x86.Build.0 = Release|Win32
		{3E044E70-4FF5-4854-A839-F4B8573D14BB}.Debug|x64.ActiveCfg = Debug|x64
		{3E044E70-4FF5-4854-A839-F4B8573D14BB}.Debug|x64.Build.0 = Debug|x64
		{3E044E70-4FF5-4854-A839-F4B8573D14BB}.Debug|x86.ActiveCfg = Debug|Win32
		{3E044E70-4FF5-4854-A839-F4B8573D14BB}.Debug|x86.Build.0 = Debug|Win32
		{3E044E70-4FF5-4854-A839-F4B8573D14BB}.Release|x64.ActiveCfg = Release|x64
		{3E044E70-4FF5-4854-A839-F4B8573D14BB}.Release|x64.Build.0 = Release|x64
		{3E044E70-4FF5-4854-A839-F4B8573D14BB}.Release|x86.ActiveCfg = Release|Win32
		{3E044E70-4FF5-4854-A839-F4B8573D14BB}.Release|x86.Build.0 = Release|Win32
		{8C4B4F92-13BB-481E-A848-D9EC476825F5}.Debug|x64.ActiveCfg = Debug|x64
		{8C4B4F92-13BB-481E-A848-D9EC476825F5}.Debug|x64.Build.0 = Debug|x64
		{8C4B4F92-13BB-481E-A848-D9EC476825F5}.Debug|x86.ActiveCfg = Debug|Win32
		{8C4B4F92-13BB-481E-A848-D9EC476825F5}.Debug|x86.Build.0 = Debug|Win32
		{8C4B4F92-13BB-481E-A848-D9EC476825F5}.Release|x64.ActiveCfg = Release|x64
		{8C4B4F92-13BB-481E-A848-D9EC476825F5}.Release|x64.Build.0 = Release|x64
		{8C4B4F92-13BB-481E-A848-D9EC476825F5}.Release|x86.ActiveCfg = Release|Win32
		{8C4B4F92-13BB-481E-A848-D9EC476825F5}.Release|x86.Build.0 = Release|Win32
		{7667A10B-BE21-4769-B7CA-1411CBEE1639}.Debug|x64.ActiveCfg = Debug|x64
		{7667A10B-BE21-4769-B7CA-1411CBEE1639}.Debug|x64.Build.0 = Debug|x64
		{7667A10B-BE21-4769-B7CA-1411CBEE1639}.Debug|x86.ActiveCfg = Debug|Win32
		{7667A10B-BE21-4769-B7CA-1411CBEE1639}.Debug|x86.Build.0 = Debug|Win32
		{7667A10B-BE21-4769-B7CA-1411CBEE1639}.Release|x64.ActiveCfg = Release|x64
		{7667A10B-BE21-4769-B7CA-1411CBEE1639}.Release|x64.Build.0 = Release|x64
		{7667A10B-BE21-4769-B7CA-1411CBEE1639}.Release|x86.ActiveCfg = Release|Win32
		{7667A10B-BE21-4769-B7CA-1411CBEE1639}.Release|x86.Build.0 = Release|Win32
		{A9E1B5C9-AD29-499E-A4D6-531109D29853}.Debug|x64.ActiveCfg = Debug|x64
		{A9E1B5C9-AD29-499E-A4D6-531109D29853}.Debug|x64.Build.0 = Debug|x64
		{A9E1B5C9-AD29-499E-A4D6-531109D29853}.Debug|x86.ActiveCfg = Debug|Win32
		{A9E1B5C9-AD29-499E-A4D6-531109D29853}.Debug|x86.Build.0 = Debug|Win32
		{A9E1B5C9-AD29-499E-A4D6-531109D29853}.Release|x64.ActiveCfg = Release|x64
		{A9E1B5C9-AD29-499E-A4D6-531109D29853}.Release|x64.Build.0 = Release|x64
		{A9E1B5C9-AD29-499E-A4D6-531109D29853}.Release|x86.ActiveCfg = Release|Win32
		{A9E1B5C9-AD29-499E-A4D6-531109D29853}.Release|x86.Build.0 = Release|Win32
		{1B3AB210-E0C0-420F-8EEA-02B46EABA2C5}.Debug|x64.ActiveCfg = Debug|x64
		{1B3AB210-E0C0-420F-8EEA-02B46EABA2C5}.Debug|x64.Build.0 = Debug|x64
		{1B3AB210-E0C0-420F-8EEA-02B46EABA2C5}.Debug|x86.ActiveCfg = Debug|Win32
		{1B3AB210-E0C0-420F-8EEA-02B46EABA2C5}.Debug|x86.Build.0 = Debug|Win32
		{1B3AB210-E0C0-420F-8EEA-02B46EABA2C5}.Release|x64.ActiveCfg = Release|x64
		{1B3AB210-E0C0-420F-8EEA-02B46EABA2C5}.Release|x64.Build.0 = Release|x64
		{1B3AB210-E0C0-420F-8EEA-02B46EABA2C5}.Release|x86.ActiveCfg = Release|Win32
		{1B3AB210-E0C0-420F-8EEA-02B46EABA2C5}.Release|x86.Build.0 = Release|Win32
		{AA3072ED-525D-435C-8258-A32EBFC31B99}.Debug|x64.ActiveCfg = Debug|x64
		{AA3072ED-525D-435C-8258-A32EBFC31B99}.Debug|x64.Build.0 = Debug|x64
		{AA3072ED-525D-435C-8258-A32EBFC31B99}.Debug|x86.ActiveCfg = Debug|Win32
		{AA3072ED-525D-435C-8258-A32EBFC31B99}.Debug|x86.Build.0 = Debug|Win32
		{AA3072ED-525D-435C-8258-A32EBFC31B99}.Release|x64.ActiveCfg = Release|x64
		{AA3072ED-525D-435C-8258-A32EBFC31B99}.Release|x64.Build.0 = Release|x64
		{AA3072ED-525D-435C-8258-A32EBFC31B99}.Release|x86.ActiveCfg = Release|Win32
		{AA3072ED-525D-435C-8258-A32EBFC31B99}.Release|x86.Build.0 = Release|Win32
		{5FBBC2DD-37B9-4E60-88D4-2554B7B2DC7F}.Debug|x64.ActiveCfg = Debug|x64
		{5FBBC2DD-37B9-4E60-88D4-2554B7B2DC7F}.Debug|x64.Build.0 = Debug|x64
		{5FBBC2DD-37B9-4E60-88D4-2554B7B2DC7F}.Debug|x86.ActiveCfg = Debug|Win32
		{5FBBC2DD-37B9-4E60-88D4-2554B7B2DC7F}.Debug|x86.Build.0 = Debug|Win32
		{5FBBC2DD-37B9-4E60-88D4-2554B7B2DC7F}.Release|x64.ActiveCfg = Release|x64
		{5FBBC2DD-37B9-4E60-88D4-2554B7B2DC7F}.Release|x64.Build.0 = Release|x64
		{5FBBC2DD-37B9-4E60-88D4-2554B7B2DC7F}.Release|x86.ActiveCfg = Release|Win32
		{5FBBC2DD-37B9-4E60-88D4-2554B7B2DC7F}.Release|x86.Build.0 = Release|Win32
		{D5E7B585-9276-462C-9587-8333C9CB26B1}.Debug|x64.ActiveCfg = Debug|x64
		{D5E7B585-9276-462C-9587-8333C9CB26B1}.Debug|x64.Build.0 = Debug|x64
		{D5E7B585-9276-462C-9587-8333C9CB26B1}.Debug|x86.ActiveCfg = Debug|Win32
		{D5E7B585-9276-462C-9587-8333C9CB26B1}.Debug|x86.Build.0 = Debug|Win32
		{D5E7B585-9276-462C-9587-8333C9CB26B1}.Release|x64.ActiveCfg = Release|x64
		{D5E7B585-9276-462C-9587-8333C9CB26B1}.Release|x64.Build.0 = Release|x64
		{D5E7B585-9276-462C-9587-8333C9CB26B1}.Release|x86.ActiveCfg = Release|Win32
		{D5E7B585-9276-462C-9587-8333C9CB26B1}.Release|x86.Build.0 = Release|Win32
		{8C6BEC16-C4D6-4CC1-9211-0A5E2AF9839F}.Debug|x64.ActiveCfg = Debug|x64
		{8C6BEC16-C4D6-4CC1-9211-0A5E2AF9839F}.Debug|x64.Build.0 = Debug|x64
		{8C6BEC16-C4D6-4CC1-9211-0A5E2AF9839F}.Debug|x86.ActiveCfg = Debug|Win32
		{8C6BEC16-C4D6-4CC1-9211-0A5E2AF9839F}.Debug|x86.Build.0 = Debug|Win32
		{8C6BEC16-C4D6-4CC1-9211-0A5E2AF9839F}.Release|x64.ActiveCfg = Release|x64
		{8C6BEC16-C4D6-4CC1-9211-0A5E2AF9839F}.Release|x64.Build.0 = Release|x64
		{8C6BEC16-C4D6-4CC1-9211-0A5E2AF9839F}.Release|x86.ActiveCfg = Release|Win32
		{8C6BEC16-C4D6-4CC1-9211-0A5E2AF9839F}.Release|x86.Build.0 = Release|Win32
		{A9260FA5-DB01-48D8-9F61-3C0C0290AF8E}.Debug|x64.ActiveCfg = Debug|x64
		{A9260FA5-DB01-48D8-9F61-3C0C0290AF8E}.Debug|x64.Build.0 = Debug|x64
		{A9260FA5-DB01-48D8-9F61-3C0C0290AF8E}.Debug|x86.ActiveCfg = Debug|Win32
		{A9260FA5-DB01-48D8-9F61-3C0C0290AF8E}.Debug|x86.Build.0 = Debug|Win32
		{A9260FA5-DB01-48D8-9F61-3C0C0290AF8E}.Release|x64.ActiveCfg = Release|x64
		{A9260FA5-DB01-48D8-9F61-3C0C0290AF8E}.Release|x64.Build.0 = Release|x64
		{A9260FA5-DB01-48D8-9F61-3C0C0290AF8E}.Release|x86.ActiveCfg = Release|Win32
		{A9260FA5-DB01-48D8-9F61-3C0C0290AF8E}.Release|x86.Build.0 = Release|Win32
		{03FC25B5-C96D-43CD-8F3A-6E3A3343E71B}.Debug|x64.ActiveCfg = Debug|x64
		{03FC25B5-C96D-43CD-8F3A-6E3A3343E71B}.Debug|x64.Build.0 = Debug|x64
		{03FC25B5-C96D-43CD-8F3A-6E3A3343E71B}.Debug|x86.ActiveCfg = Debug|Win32
		{03FC25B5-C96D-43CD-8F3A-6E3A3343E71B}.Debug|x86.Build.0 = Debug|Win32
		{03FC25B5-C96D-43CD-8F3A-6E3A3343E71B}.Release|x64.ActiveCfg = Release|x64
		{03FC25B5-C96D-43CD-8F3A-6E3A3343E71B}.Release|x64.Build.0 = Release|x64
		{03FC25B5-C96D-43CD-8F3A-6E3A3343E71B}.Release|x86.ActiveCfg = Release|Win32
		{03FC25B5-C96D-43CD-8F3A-6E3A3343E71B}.Release|x86.Build.0 = Release|Win32
		{1AEAB96B-E39A-45A3-BA55-47C252B897F0}.Debug|x64.ActiveCfg = Debug|x64
		{1AEAB96B-E39A-45A3-BA55-47C252B897F0}.Debug|x64.Build.0 = Debug|x64
		{1AEAB96B-E39A-45A3-BA55-47C252B897F0}.Debug|x86.ActiveCfg = Debug|Win32
		{1AEAB96B-E39A-45A3-BA55-47C252B897F0}.Debug|x86.Build.0 = Debug|Win32
		{1AEAB96B-E39A-45A3-BA55-47C252B897F0}.Release|x64.ActiveCfg = Release|x64
		{1AEAB96B-E39A-45A3-BA55-47C252B897F0}.Release|x64.Build.0 = Release|x64
		{1AEAB96B-E39A-45A3-BA55-47C252B897F0}.Release|x86.ActiveCfg = Release|Win32
		{1AEAB96B-E39A-45A3-BA55-47C252B897F0}.Release|x86.Build.0 = Release|Win32
		{52F431A4-0C0E-4AB0-A112-D6FDEA982761}.Debug|x64.ActiveCfg = Debug|x64
		{52F431A4-0C0E-4AB0-A112-D6FDEA982761}.Debug|x64.Build.0 = Debug|x64
		{52F431A4-0C0E-4AB0-A112-D6FDEA982761}.Debug|x86.ActiveCfg = Debug|Win32
		{52F431A4-0C0E-4AB0-A112-D6FDEA982761}.Debug|x86.Build.0 = Debug|Win32
		{52F431A4-0C0E-4AB0-A112-D6FDEA982761}.Release|x64.ActiveCfg = Release|x64
		{52F431A4-0C0E-4AB0-A112-D6FDEA982761}.Release|x64.Build.0 = Release|x64
		{52F431A4-0C0E-4AB0-A112-D6FDEA982761}.Release|x86.ActiveCfg = Release|Win32
		{52F431A4-0C0E-4AB0-A112-D6FDEA982761}.Release|x86.Build.0 = Release|Win32
		{CB4A7915-103E-41E4-877C-686FFD6ACC3A}.Debug|x64.ActiveCfg = Debug|x64
		{CB4A7915-103E-41E4-877C-686FFD6ACC3A}.Debug|x64.Build.0 = Debug|x64
		{CB4A7915-103E-41E4-877C-686FFD6ACC3A}.Debug|x86.ActiveCfg = Debug|Win32
		{CB4A7915-103E-41E4-877C-686FFD6ACC3A}.Debug|x86.Build.0 = Debug|Win32
		{CB4A7915-103E-41E4-877C-686FFD6ACC3A}.Release|x64.ActiveCfg = Release|x64
		{CB4A7915-103E-41E4-877C-686FFD6ACC3A}.Release|x64.Build.0 = Release|x64
		{CB4A7915-103E-41E4-877C-686FFD6ACC3A}.Release|x86.ActiveCfg = Release|Win32
		{CB4A7915-103E-41E4-877C-686FFD6ACC3A}.Release|x86.Build.0 = Release|Win32
		{6CA5FCCE-8EF2-4EF0-B0F8-EC81E07CAD12}.Debug|x64.ActiveCfg = Debug|x64
		{6CA5FCCE-8EF2-4EF0-B0F8-EC81E07CAD12}.Debug|x64.Build.0 = Debug|x64
		{6CA5FCCE-8EF2-4EF0-B0F8-EC81E07CAD12}.Debug|x86.ActiveCfg = Debug|Win32
		{6CA5FCCE-8EF2-4EF0-B0F8-EC81E07CAD12}.Debug|x86.Build.0 = Debug|Win32
		{6CA5FCCE-8EF2-4EF0-B0F8-EC81E07CAD12}.Release|x64.ActiveCfg = Release|x64
		{6CA5FCCE-8EF2-4EF0-B0F8-EC81E07CAD12}.Release|x64.Build.0 = Release|x64
		{6CA5FCCE-8EF2-4EF0-B0F8-EC81E07CAD12}.Release|x86.ActiveCfg = Release|Win32
		{6CA5FCCE-8EF2-4EF0-B0F8-EC81E07CAD12}.Release|x86.Build.0 = Release|Win32
		{06F2225D-3298-431F-985A-A5D44CA930A1}.Debug|x64.ActiveCfg = Debug|x64
		{06F2225D-3298-431F-985A-A5D44CA930A1}.Debug|x64.Build.0 = Debug|x64
		{06F2225D-3298-431F-985A-A5D44CA930A1}.Debug|x86.ActiveCfg = Debug|Win32
		{06F2225D-3298-431F-985A-A5D44CA930A1}.Debug|x86.Build.0 = Debug|Win32
		{06F2225D-3298-431F-985A-A5D44CA930A1}.Release|x64.ActiveCfg = Release|x64
		{06F2225D-3298-431F-985A-A5D44CA930A1}.Release|x64.Build.0 = Release|x64
		{06F2225D-3298-431F-985A-A5D44CA930A1}.Release|x86.ActiveCfg = Release|Win32
		{06F2225D-3298-431F-985A-A5D44CA930A1}.Release|x86.Build.0 = Release|Win32
		{279A8CF5-2D21-4A38-8CD5-10093B7CFAB6}.Debug|x64.ActiveCfg = Debug|x64
		{279A8CF5-2D21-4A38-8CD5-10093B7CFAB6}.Debug|x64.Build.0 = Debug|x64
		{279A8CF5-2D21-4A38-8CD5-10093B7CFAB6}.Debug|x86.ActiveCfg = Debug|Win32
		{279A8CF5-2D21-4A38-8CD5-10093B7CFAB6}.Debug|x86.Build.0 = Debug|Win32
		{279A8CF5-2D21-4A38-8CD5-10093B7CFAB6}.Release|x64.ActiveCfg = Release|x64
		{279A8CF5-2D21-4A38-8CD5-10093B7CFAB6}.Release|x64.Build.0 = Release|x64
		{279A8CF5-2D21-4A38-8CD5-10093B7CFAB6}.Release|x86.ActiveCfg = Release|Win32
		{279A8CF5-2D21-4A38-8CD5-10093B7CFAB6}.Release|x86.Build.0 = Release|Win32
		{2E317A62-D877-48F0-A8E7-16FCC8BA4915}.Debug|x64.ActiveCfg = Debug|x64
		{2E317A62-D877-48F0-A8E7-16FCC8BA4915}.Debug|x64.Build.0 = Debug|x64
		{2E317A62-D877-48F0-A8E7-16FCC8BA4915}.Debug|x86.ActiveCfg = Debug|Win32
		{2E317A62-D877-48F0-A8E7-16FCC8BA4915}.Debug|x86.Build.0 = Debug|Win32
		{2E317A62-D877-48F0-A8E7-16FCC8BA4915}.Release|x64.ActiveCfg = Release|x64
		{2E317A62-D877-48F0-A8E7-16FCC8BA4915}.Release|x64.Build.0 = Release|x64
		{2E317A62-D877-48F0-A8E7-16FCC8BA4915}.Release|x86.ActiveCfg = Release|Win32
		{2E317A62-D877-48F0-A8E7-16FCC8BA4915}.Release|x86.Build.0 = Release|Win32
		{6EB80F12-0C99-4051-A425-FCD7A6714B5A}.Debug|x64.ActiveCfg = Debug|x64
		{6EB80F12-0C99-4051-A425-FCD7A6714B5A}.Debug|x64.Build.0 = Debug|x64
		{6EB80F12-0C99-4051-A425-FCD7A6714B5A}.Debug|x86.ActiveCfg = Debug|Win32
		{6EB80F12-0C99-4051-A425-FCD7A6714B5A}.Debug|x86.Build.0 = Debug|Win32
		{6EB80F12-0C99-4051-A425-FCD7A6714B5A}.Release|x64.ActiveCfg = Release|x64
		{6EB80F12-0C99-4051-A425-FCD7A6714B5A}.Release|x64.Build.0 = Release|x64
		{6EB80F12-0C99-4051-A425-FCD7A6714B5A}.Release|x86.ActiveCfg = Release|Win32
		{6EB80F12-0C99-4051-A425-FCD7A6714B5A}.Release|x86.Build.0 = Release|Win32
		{C26AB2B5-0C1E-4D25-B465-BABB7764458D}.Debug|x64.ActiveCfg = Debug|x64
		{C26AB2B5-0C1E-4D25-B465-BABB7764458D}.Debug|x64.Build.0 = Debug|x64
		{C26AB2B5-0C1E-4D25-B465-BABB7764458D}.Debug|x86.ActiveCfg = Debug|Win32
		{C26AB2B5-0C1E-4D25-B465-BABB7764458D}.Debug|x86.Build.0 = Debug|Win32
		{C26AB2B5-0C1E-4D25-B465-BABB7764458D}.Release|x64.ActiveCfg = Release|x64
		{C26AB2B5-0C1E-4D25-B465-BABB7764458D}.Release|x64.Build.0 = Release|x64
		{C26AB2B5-0C1E-4D25-B465-BABB7764458D}.Release|x86.ActiveCfg = Release|Win32
		{C26AB2B5-0C1E-4D25-B465-BABB7764458D}.Release|x86.Build.0 = Release|Win32
		{47CF6FF5-376E-4827-94D7-5E759FC31C5E}.Debug|x64.ActiveCfg = Debug|x64
		{47CF6FF5-376E-4827-94D7-5E759FC31C5E}.Debug|x64.Build.0 = Debug|x64
		{47CF6FF5-376E-4827-94D7-5E759FC31C5E}.Debug|x86.ActiveCfg = Debug|Win32
		{47CF6FF5-376E-4827-94D7-5E759FC31C5E}.Debug|x86.Build.0 = Debug|Win32
		{47CF6FF5-376E-4827-94D7-5E759FC31C5E}.Release|x64.ActiveCfg = Release|x64
		{47CF6FF5-376E-4827-94D7-5E759FC31C5E}.Release|x64.Build.0 = Release|x64
		{47CF6FF5-376E-4827-94D7-5E759FC31C5E}.Release|x86.ActiveCfg = Release|Win32
		{47CF6FF5-376E-4827-94D7-5E759FC31C5E}.Release|x86.Build.0 = Release|Win32
		{6AC67760-39A8-4690-8AC9-BE2B193B9414}.Debug|x64.ActiveCfg = Debug|x64
		{6AC67760-39A8-4690-8AC9-BE2B193B9414}.Debug|x64.Build.0 = Debug|x64
		{6AC67760-39A8-4690-8AC9-BE2B193B9414}.Debug|x86.ActiveCfg = Debug|Win32
		{6AC67760-39A8-4690-8AC9-BE2B193B9414}.Debug|x86.Build.0 = Debug|Win32
		{6AC67760-39A8-4690-8AC9-BE2B193B9414}.Release|x64.ActiveCfg = Release|x64
		{6AC67760-39A8-4690-8AC9-BE2B193B9414}.Release|x64.Build.0 = Release|x64
		{6AC67760-39A8-4690-8AC9-BE2B193B9414}.Release|x86.ActiveCfg = Release|Win32
		{6AC67760-39A8-4690-8AC9-BE2B193B9414}.Release|x86.Build.0 = Release|Win32
		{4231D525-3A29-40D4-8002-70EE984ECEE6}.Debug|x64.ActiveCfg = Debug|x64
		{4231D525-3A29-40D4-8002-70EE984ECEE6}.Debug|x64.Build.0 = Debug|x64
		{4231D525-3A29-40D4-8002-70EE984ECEE6}.Debug|x86.ActiveCfg = Debug|Win32
		{4231D525-3A29-40D4-8002-70EE984ECEE6}.Debug|x86.Build.0 = Debug|Win32
		{4231D525-3A29-40D4-8002-70EE984ECEE6}.Release|x64.ActiveCfg = Release|x64
		{4231D525-3A29-40D4-8002-70EE984ECEE6}.Release|x64.Build.0 = Release|x64
		{4231D525-3A29-40D4-8002-70EE984ECEE6}.Release|x86.ActiveCfg = Release|Win32
		{4231D525-3A29-40D4-8002-70EE984ECEE6}.Release|x86.Build.0 = Release|Win32
		{D6519132-EF66-4679-894F-03DB7F4CF4B6}.Debug|x64.ActiveCfg = Debug|x64
		{D6519132-EF66-4679-894F-03DB7F4CF4B6}.Debug|x64.Build.0 = Debug|x64
		{D6519132-EF66-4679-894F-03DB7F4CF4B6}.Debug|x86.ActiveCfg = Debug|Win32
		{D6519132-EF66-4679-894F-03DB7F4CF4B6}.Debug|x86.Build.0 = Debug|Win32
		{D6519132-EF66-4679-894F-03DB7F4CF4B6}.Release|x64.ActiveCfg = Release|x64
		{D6519132-EF66-4679-894F-03DB7F4CF4B6}.Release|x64.Build.0 = Release|x64
		{D6519132-EF66-4679-894F-03DB7F4CF4B6}.Release|x86.ActiveCfg = Release|Win32
		{D6519132-EF66-4679-894F-03DB7F4CF4B6}.Release|x86.Build.0 = Release|Win32
		{456355E1-F9FC-44AF-9341-F24C870A95A3}.Debug|x64.ActiveCfg = Debug|x64
		{456355E1-F9FC-44AF-9341-F24C870A95A3}.Debug|x64.Build.0 = Debug|x64
		{456355E1-F9FC-44AF-9341-F24C870A95A3}.Debug|x86.ActiveCfg = Debug|Win32
		{456355E1-F9FC-44AF-9341-F24C870A95A3}.Debug|x86.Build.0 = Debug|Win32
		{456355E1-F9FC-44AF-9341-F24C870A95A3}.Release|x64.ActiveCfg = Release|x64
		{456355E1-F9FC-44AF-9341-F24C870A95A3}.Release|x64.Build.0 = Release|x64
		{456355E1-F9FC-44AF-9341-F24C870A95A3}.Release|x86.ActiveCfg = Release|Win32
		{456355E1-F9FC-44AF-9341-F24C870A95A3}.Release|x86.Build.0 = Release|Win32
		{33B3F2EA-FC82-4AA9-8C72-3367725CBF76}.Debug|x64.ActiveCfg = Debug|x64
		{33B3F2EA-FC82-4AA9-8C72-3367725CBF76}.Debug|x64.Build.0 = Debug|x64
		{33B3F2EA-FC82-4AA9-8C72-3367725CBF76}.Debug|x86.ActiveCfg = Debug|Win32
		{33B3F2EA-FC82-4AA9-8C72-3367725CBF76}.Debug|x86.Build.0 = Debug|Win32
		{33B3F2EA-FC82-4AA9-8C72-3367725CBF76}.Release|x64.ActiveCfg = Release|x64
		{33B3F2EA-FC82-4AA9-8C72-3367725CBF76}.Release|x64.Build.0 = Release|x64
		{33B3F2EA-FC82-4AA9-8C72-3367725CBF76}.Release|x86.ActiveCfg = Release|Win32
		{33B3F2EA-FC82-4AA9-8C72-3367725CBF76}.Release|x86.Build.0 = Release|Win32
		{86FAFF37-4149-4F8B-B649-AFB8B1A4E630}.Debug|x64.ActiveCfg = Debug|x64
		{86FAFF37-4149-4F8B-B649-AFB8B1A4E630}.Debug|x64.Build.0 = Debug|x64
		{86FAFF37-4149-4F8B-B649-AFB8B1A4E630}.Debug|x86.ActiveCfg = Debug|Win32
		{86FAFF37-4149-4F8B-B649-AFB8B1A4E630}.Debug|x86.Build.0 = Debug|Win32
		{86FAFF37-4149-4F8B-B649-AFB8B1A4E630}.Release|x64.ActiveCfg = Release|x64
		{86FAFF37-4149-4F8B-B649-AFB8B1A4E630}.Release|x64.Build.0 = Release|x64
		{86FAFF37-4149-4F8B-B649-AFB8B1A4E630}.Release|x86.ActiveCfg = Release|Win32
		{86FAFF37-4149-4F8B-B649-AFB8B1A4E630}.Release|x86.Build.0 = Release|Win32
		{521D77B2-D796-43E3-B7C8-E790062A4CF9}.Debug|x64.ActiveCfg = Debug|x64
		{521D77B2-D796-43E3-B7C8-E790062A4CF9}.Debug|x64.Build.0 = Debug|x64
		{521D77B2-D796-43E3-B7C8-E790062A4CF9}.Debug|x86.ActiveCfg = Debug|Win32
		{521D77B2-D796-43E3-B7C8-E790062A4CF9}.Debug|x86.Build.0 = Debug|Win32
		{521D77B2-D796-43E3-B7C8-E790062A4CF9}.Release|x64.ActiveCfg = Release|x64
		{521D77B2-D796-43E3-B7C8-E790062A4CF9}.Release|x64.Build.0 = Release|x64
		{521D77B2-D796-43E3-B7C8-E790062A4CF9}.Release|x86.ActiveCfg = Release|Win32
		{521D77B2-D796-43E3-B7C8-E790062A4CF9}.Release|x86.Build.0 = Release|Win32
		{8B13734F-9B27-4123-B5C7-518141627BE3}.Debug|x64.ActiveCfg = Debug|x64
		{8B13734F-9B27-4123-B5C7-518141627BE3}.Debug|x64.Build.0 = Debug|x64
		{8B13734F-9B27-4123-B5C7-518141627BE3}.Debug|x86.ActiveCfg = Debug|Win32
		{8B13734F-9B27-4123-B5C7-518141627BE3}.Debug|x86.Build.0 = Debug|Win32
		{8B13734F-9B27-4123-B5C7-518141627BE3}.Release|x64.ActiveCfg = Release|x64
		{8B13734F-9B27-4123-B5C7-518141627BE3}.Release|x64.Build.0 = Release|x64
		{8B13734F-9B27-4123-B5C7-518141627BE3}.Release|x86.ActiveCfg = Release|Win32
		{8B13734F-9B27-4123-B5C7-518141627BE3}.Release|x86.Build.0 = Release|Win32
		{02E36CF9-6441-4174-9102-111755E9B065}.Debug|x64.ActiveCfg = Debug|x64
		{02E36CF9-6441-4174-9102-111755E9B065}.Debug|x64.Build.0 = Debug|x64
		{02E36CF9-6441-4174-9102-111755E9B065}.Debug|x86.ActiveCfg = Debug|Win32
		{02E36CF9-6441-4174-9102-111755E9B065}.Debug|x86.Build.0 = Debug|Win32
		{02E36CF9-6441-4174-9102-111755E9B065}.Release|x64.ActiveCfg = Release|x64
		{02E36CF9-6441-4174-9102-111755E9B065}.Release|x64.Build.0 = Release|x64
		{02E36CF9-6441-4174-9102-111755E9B065}.Release|x86.ActiveCfg = Release|Win32
		{02E36CF9-6441-4174-9102-111755E9B065}.Release|x86.Build.0 = Release|Win32
		{8F4A1E21-955D-4233-9878-D3E303FBC6E0}.Debug|x64.ActiveCfg = Debug|x64
		{8F4A1E21-955D-4233-9878-D3E303FBC6E0}.Debug|x64.Build.0 = Debug|x64
		{8F4A1E21-955D-4233-9878-D3E303FBC6E0}.Debug|x86.ActiveCfg = Debug|Win32
		{8F4A1E21-955D-4233-9878-D3E303FBC6E0}.Debug|x86.Build.0 = Debug|Win32
		{8F4A1E21-955D-4233-9878-D3E303FBC6E0}.Release|x64.ActiveCfg = Release|x64
		{8F4A1E21-955D-4233-9878-D3E303FBC6E0}.Release|x64.Build.0 = Release|x64
		{8F4A1E21-955D-4233-9878-D3E303FBC6E0}.Release|x86.ActiveCfg = Release|Win32
		{8F4A1E21-955D-4233-9878-D3E303FBC6E0}.Release|x86.Build.0 = Release|Win32
		{917BF8C4-9464-48CD-B93D-2DFF981B668F}.Debug|x64.ActiveCfg = Debug|x64
		{917BF8C4-9464-48CD-B93D-2DFF981B668F}.Debug|x64.Build.0 = Debug|x64
		{917BF8C4-9464-48CD-B93D-2DFF981B668F}.Debug|x86.ActiveCfg = Debug|Win32
		{917BF8C4-9464-48CD-B93D-2DFF981B668F}.Debug|x86.Build.0 = Debug|Win32
		{917BF8C4-9464-48CD-B93D-2DFF981B668F}.Release|x64.ActiveCfg = Release|x64
		{917BF8C4-9464-48CD-B93D-2DFF981B668F}.Release|x64.Build.0 = Release|x64
		{917BF8C4-9464-48CD-B93D-2DFF981B668F}.Release|x86.ActiveCfg = Release|Win32
		{917BF8C4-9464-48CD-B93D-2DFF981B668F}.Release|x86.Build.0 = Release|Win32
		{085794F7-BCB8-4409-944B-DC59E7DECF48}.Debug|x64.ActiveCfg = Debug|x64
		{085794F7-BCB8-4409-944B-DC59E7DECF48}.Debug|x64.Build.0 = Debug|x64
		{085794F7-BCB8-4409-944B-DC59E7DECF48}.Debug|x86.ActiveCfg = Debug|Win32
		{085794F7-BCB8-4409-944B-DC59E7DECF48}.Debug|x86.Build.0 = Debug|Win32
		{085794F7-BCB8-4409-944B-DC59E7DECF48}.Release|x64.ActiveCfg = Release|x64
		{085794F7-BCB8-4409-944B-DC59E7DECF48}.Release|x64.Build.0 = Release|x64
		{085794F7-BCB8-4409-944B-DC59E7DECF48}.Release|x86.ActiveCfg = Release|Win32
		{085794F7-BCB8-4409-944B-DC59E7DECF48}.Release|x86.Build.0 = Release|Win32
		{89B00C1A-7ABC-4F3D-B0C2-211AB847DAC7}.Debug|x64.ActiveCfg = Debug|x64
		{89B00C1A-7ABC-4F3D-B0C2-211AB847DAC7}.Debug|x64.Build.0 = Debug|x64
		{89B00C1A-7ABC-4F3D-B0C2-211AB847DAC7}.Debug|x86.ActiveCfg = Debug|Win32
		{89B00C1A-7ABC-4F3D-B0C2-211AB847DAC7}.Debug|x86.Build.0 = Debug|Win32
		{89B00C1A-7ABC-4F3D-B0C2-211AB847DAC7}.Release|x64.ActiveCfg = Release|x64
		{89B00C1A-7ABC-4F3D-B0C2-211AB847DAC7}.Release|x64.Build.0 = Release|x64
		{89B00C1A-7ABC-4F3D-B0C2-211AB847DAC7}.Release|x86.ActiveCfg = Release|Win32
		{89B00C1A-7ABC-4F3D-B0C2-211AB847DAC7}.Release|x86.Build.0 = Release|Win32
		{7D5076A1-9E10-44F3-98EC-216897F553A2}.Debug|x64.ActiveCfg = Debug|x64
		{7D5076A1-9E10-44F3-98EC-216897F553A2}.Debug|x64.Build.0 = Debug|x64
		{7D5076A1-9E10-44F3-98EC-216897F553A2}.Debug|x86.ActiveCfg = Debug|Win32
		{7D5076A1-9E10-44F3-98EC-216897F553A2}.Debug|x86.Build.0 = Debug|Win32
		{7D5076A1-9E10-44F3-98EC-216897F553A2}.Release|x64.ActiveCfg = Release|x64
		{7D5076A1-9E10-44F3-98EC-216897F553A2}.Release|x64.Build.0 = Release|x64
		{7D5076A1-9E10-44F3-98EC-216897F553A2}.Release|x86.ActiveCfg = Release|Win32
		{7D5076A1-9E10-44F3-98EC-216897F553A2}.Release|x86.Build.0 = Release|Win32
		{A350BA28-4D0E-46E0-A6D7-A662895DF61A}.Debug|x64.ActiveCfg = Debug|x64
		{A350BA28-4D0E-46E0-A6D7-A662895DF61A}.Debug|x64.Build.0 = Debug|x64
		{A350BA28-4D0E-46E0-A6D7-A662895DF61A}.Debug|x86.ActiveCfg = Debug|Win32
		{A350BA28-4D0E-46E0-A6D7-A662895DF61A}.Debug|x86.Build.0 = Debug|Win32
		{A350BA28-4D0E-46E0-A6D7-A662895DF61A}.Release|x64.ActiveCfg = Release|x64
		{A350BA28-4D0E-46E0-A6D7-A662895DF61A}.Release|x64.Build.0 = Release|x64
		{A350BA28-4D0E-46E0-A6D7-A662895DF61A}.Release|x86.ActiveCfg = Release|Win32
		{A350BA28-4D0E-46E0-A6D7-A662895DF61A}.Release|x86.Build.0 = Release|Win32
		{D44E8915-2B0B-4779-8B96-60DF1E271E2C}.Debug|x64.ActiveCfg = Debug|x64
		{D44E8915-2B0B-4779-8B96-60DF1E271E2C}.Debug|x64.Build.0 = Debug|x64
		{D44E8915-2B0B-4779-8B96-60DF1E271E2C}.Debug|x86.ActiveCfg = Debug|Win32
		{D44E8915-2B0B-4779-8B96-60DF1E271E2C}.Debug|x86.Build.0 = Debug|Win32
		{D44E8915-2B0B-4779-8B96-60DF1E271E2C}.Release|x64.ActiveCfg = Release|x64
		{D44E8915-2B0B-4779-8B96-60DF1E271E2C}.Release|x64.Build.0 = Release|x64
		{D44E8915-2B0B-4779-8B96-60DF1E271E2C}.Release|x86.ActiveCfg = Release|Win32
		{D44E8915-2B0B-4779-8B96-60DF1E271E2C}.Release|x86.Build.0 = Release|Win32
		{3EBAAC92-2088-490F-AA27-6CE71FCB1B3C}.Debug|x64.ActiveCfg = Debug|x64
		{3EBAAC92-2088-490F-AA27-6CE71FCB1B3C}.Debug|x64.Build.0 = Debug|x64
		{3EBAAC92-2088-490F-AA27-6CE71FCB1B3C}.Debug|x86.ActiveCfg = Debug|Win32
		{3EBAAC92-2088-490F-AA27-6CE71FCB1B3C}.Debug|x86.Build.0 = Debug|Win32
		{3EBAAC92-2088-490F-AA27-6CE71FCB1B3C}.Release|x64.ActiveCfg = Release|x64
		{3EBAAC92-2088-490F-AA27-6CE71FCB1B3C}.Release|x64.Build.0 = Release|x64
		{3EBAAC92-2088-490F-AA27-6CE71FCB1B3C}.Release|x86.ActiveCfg = Release|Win32
		{3EBAAC92-2088-490F-AA27-6CE71FCB1B3C}.Release|x86.Build.0 = Release|Win32
		{85DAC7C0-F89E-4135-A8DE-2725B3868F8D}.Debug|x64.ActiveCfg = Debug|x64
		{85DAC7C0-F89E-4135-A8DE-2725B3868F8D}.Debug|x64.Build.0 = Debug|x64
		{85DAC7C0-F89E-4135-A8DE-2725B3868F8D}.Debug|x86.ActiveCfg = Debug|Win32
		{85DAC7C0-F89E-4135-A8DE-2725B3868F8D}.Debug|x86.Build.0 = Debug|Win32
		{85DAC7C0-F89E-4135-A8DE-2725B3868F8D}.Release|x64.ActiveCfg = Release|x64
		{85DAC7C0-F89E-4135-A8DE-2725B3868F8D}.Release|x64.Build.0 = Release|x64
		{85DAC7C0-F89E-4135-A8DE-2725B3868F8D}.Release|x86.ActiveCfg = Release|Win32
		{85DAC7C0-F89E-4135-A8DE-2725B3868F8D}.Release|x86.Build.0 = Release|Win32
		{745798B3-5315-402B-A022-67DEBF2A16F6}.Debug|x64.ActiveCfg = Debug|x64
		{745798B3-5315-402B-A022-67DEBF2A16F6}.Debug|x64.Build.0 = Debug|x64
		{745798B3-5315-402B-A022-67DEBF2A16F6}.Debug|x86.ActiveCfg = Debug|Win32
		{745798B3-5315-402B-A022-67DEBF2A16F6}.Debug|x86.Build.0 = Debug|Win32
		{745798B3-5315-402B-A022-67DEBF2A16F6}.Release|x64.ActiveCfg = Release|x64
		{745798B3-5315-402B-A022-67DEBF2A16F6}.Release|x64.Build.0 = Release|x64
		{745798B3-5315-402B-A022-67DEBF2A16F6}.Release|x86.ActiveCfg = Release|Win32
		{745798B3-5315-402B-A022-67DEBF2A16F6}.Release|x86.Build.0 = Release|Win32
		{2B89FF78-9F14-4A2C-8504-9D25A32032C1}.Debug|x64.ActiveCfg = Debug|x64
		{2B89FF78-9F14-4A2C-8504-9D25A32032C1}.Debug|x64.Build.0 = Debug|x64
		{2B89FF78-9F14-4A2C-8504-9D25A32032C1}.Debug|x86.ActiveCfg = Debug|Win32
		{2B89FF78-9F14-4A2C-8504-9D25A32032C1}.Debug|x86.Build.0 = Debug|Win32
		{2B89FF78-9F14-4A2C-8504-9D25A32032C1}.Release|x64.ActiveCfg = Release|x64
		{2B89FF78-9F14-4A2C-8504-9D25A32032C1}.Release|x64.Build.0 = Release|x64
		{2B89FF78-9F14-4A2C-8504-9D25A32032C1}.Release|x86.ActiveCfg = Release|Win32
		{2B89FF78-9F14-4A2C-8504-9D25A32032C1}.Release|x86.Build.0 = Release|Win32
		{EE1D507F-F654-4147-B129-48F55A9E8D30}.Debug|x64.ActiveCfg = Debug|x64
		{EE1D507F-F654-4147-B129-48F55A9E8D30}.Debug|x64.Build.0 = Debug|x64
		{EE1D507F-F654-4147-B129-48F55A9E8D30}.Debug|x86.ActiveCfg = Debug|Win32
		{EE1D507F-F654-4147-B129-48F55A9E8D30}.Debug|x86.Build.0 = Debug|Win32
		{EE1D507F-F654-4147-B129-48F55A9E8D30}.Release|x64.ActiveCfg = Release|x64
		{EE1D507F-F654-4147-B129-48F55A9E8D30}.Release|x64.Build.0 = Release|x64
		{EE1D507F-F654-4147-B129-48F55A9E8D30}.Release|x86.ActiveCfg = Release|Win32
		{EE1D507F-F654-4147-B129-48F55A9E8D30}.Release|x86.Build.0 = Release|Win32
		{EF495310-DAAB-4C06-A30E-1D6FFF19CAD1}.Debug|x64.ActiveCfg = Debug|x64
		{EF495310-DAAB-4C06-A30E-1D6FFF19CAD1}.Debug|x64.Build.0 = Debug|x64
		{EF495310-DAAB-4C06-A30E-1D6FFF19CAD1}.Debug|x86.ActiveCfg = Debug|Win32
		{EF495310-DAAB-4C06-A30E-1D6FFF19CAD1}.Debug|x86.Build.0 = Debug|Win32
		{EF495310-DAAB-4C06-A30E-1D6FFF19CAD1}.Release|x64.ActiveCfg = Release|x64
		{EF495310-DAAB-4C06-A30E-1D6FFF19CAD1}.Release|x64.Build.0 = Release|x64
		{EF495310-DAAB-4C06-A30E-1D6FFF19CAD1}.Release|x86.ActiveCfg = Release|Win32
		{EF495310-DAAB-4C06-A30E-1D6FFF19CAD1}.Release|x86.Build.0 = Release|Win32
		{B3C31184-190B-4600-8F4D-4E15987E0AC3}.Debug|x64.ActiveCfg = Debug|x64
		{B3C31184-190B-4600-8F4D-4E15987E0AC3}.Debug|x64.Build.0 = Debug|x64
		{B3C31184-190B-4600-8F4D-4E15987E0AC3}.Debug|x86.ActiveCfg = Debug|Win32
		{B3C31184-190B-4600-8F4D-4E15987E0AC3}.Debug|x86.Build.0 = Debug|Win32
		{B3C31184-190B-4600-8F4D-4E15987E0AC3}.Release|x64.ActiveCfg = Release|x64
		{B3C31184-190B-4600-8F4D-4E15987E0AC3}.Release|x64.Build.0 = Release|x64
		{B3C31184-190B-4600-8F4D-4E15987E0AC3}.Release|x86.ActiveCfg = Release|Win32
		{B3C31184-190B-4600-8F4D-4E15987E0AC3}.Release|x86.Build.0 = Release|Win32
		{61D733F4-A9C2-4477-9123-CCD15E21CC81}.Debug|x64.ActiveCfg = Debug|x64
		{61D733F4-A9C2-4477-9123-CCD15E21CC81}.Debug|x64.Build.0 = Debug|x64
		{61D733F4-A9C2-4477-9123-CCD15E21CC81}.Debug|x86.ActiveCfg = Debug|Win32
		{61D733F4-A9C2-4477-9123-CCD15E21CC81}.Debug|x86.Build.0 = Debug|Win32
		{61D733F4-A9C2-4477-9123-CCD15E21CC81}.Release|x64.ActiveCfg = Release|x64
		{61D733F4-A9C2-4477-9123-CCD15E21CC81}.Release|x64.Build.0 = Release|x64
		{61D733F4-A9C2-4477-9123-CCD15E21CC81}.Release|x86.ActiveCfg = Release|Win32
		{61D733F4-A9C2-4477-9123-CCD15E21CC81}.Release|x86.Build.0 = Release|Win32
		{F5592E44-70EE-4E3D-8066-CB92AF39D017}.Debug|x64.ActiveCfg = Debug|x64
		{F5592E44-70EE-4E3D-8066-CB92AF39D017}.Debug|x64.Build.0 = Debug|x64
		{F5592E44-70EE-4E3D-8066-CB92AF39D017}.Debug|x86.ActiveCfg = Debug|Win32
		{F5592E44-70EE-4E3D-8066-CB92AF39D017}.Debug|x86.Build.0 = Debug|Win32
		{F5592E44-70EE-4E3D-8066-CB92AF39D017}.Release|x64.ActiveCfg = Release|x64
		{F5592E44-70EE-4E3D-8066-CB92AF39D017}.Release|x64.Build.0 = Release|x64
		{F5592E44-70EE-4E3D-8066-CB92AF39D017}.Release|x86.ActiveCfg = Release|Win32
		{F5592E44-70EE-4E3D-8066-CB92AF39D017}.Release|x86.Build.0 = Release|Win32
		{1D9BA325-BF3C-474C-AC8D-7B513ECBF329}.Debug|x64.ActiveCfg = Debug|x64
		{1D9BA325-BF3C-474C-AC8D-7B513ECBF329}.Debug|x64.Build.0 = Debug|x64
		{1D9BA325-BF3C-474C-AC8D-7B513ECBF329}.Debug|x86.ActiveCfg = Debug|Win32
		{1D9BA325-BF3C-474C-AC8D-7B513ECBF329}.Debug|x86.Build.0 = Debug|Win32
		{1D9BA325-BF3C-474C-AC8D-7B513ECBF329}.Release|x64.ActiveCfg = Release|x64
		{1D9BA325-BF3C-474C-AC8D-7B513ECBF329}.Release|x64.Build.0 = Release|x64
		{1D9BA325-BF3C-474C-AC8D-7B513ECBF329}.Release|x86.ActiveCfg = Release|Win32
		{1D9BA325-BF3C-474C-AC8D-7B513ECBF329}.Release|x86.Build.0 = Release|Win32
		{72EA6DF9-A1DD-45DF-B97E-B947CC403E35}.Debug|x64.ActiveCfg = Debug|x64
		{72EA6DF9-A1DD-45DF-B97E-B947CC403E35}.Debug|x64.Build.0 = Debug|x64
		{72EA6DF9-A1DD-45DF-B97E-B947CC403E35}.Debug|x86.ActiveCfg = Debug|Win32
		{72EA6DF9-A1DD-45DF-B97E-B947CC403E35}.Debug|x86.Build.0 = Debug|Win32
		{72EA6DF9-A1DD-45DF-B97E-B947CC403E35}.Release|x64.ActiveCfg = Release|x64
		{72EA6DF9-A1DD-45DF-B97E-B947CC403E35}.Release|x64.Build.0 = Release|x64
		{72EA6DF9-A1DD-45DF-B97E-B947CC403E35}.Release|x86.ActiveCfg = Release|Win32
		{72EA6DF9-A1DD-45DF-B97E-B947CC403E35}.Release|x86.Build.0 = Release|Win32
		{C34E3162-FE24-4F9B-98D9-FEBB7CBBBB55}.Debug|x64.ActiveCfg = Debug|x64
		{C34E3162-FE24-4F9B-98D9-FEBB7CBBBB55}.Debug|x64.Build.0 = Debug|x64
		{C34E3162-FE24-4F9B-98D9-FEBB7CBBBB55}.Debug|x86.ActiveCfg = Debug|Win32
		{C34E3162-FE24-4F9B-98D9-FEBB7CBBBB55}.Debug|x86.Build.0 = Debug|Win32
		{C34E3162-FE24-4F9B-98D9-FEBB7CBBBB55}.Release|x64.ActiveCfg = Release|x64
		{C34E3162-FE24-4F9B-98D9-FEBB7CBBBB55}.Release|x64.Build.0 = Release|x64
		{C34E3162-FE24-4F9B-98D9-FEBB7CBBBB55}.Release|x86.ActiveCfg = Release|Win32
		{C34E3162-FE24-4F9B-98D9-FEBB7CBBBB55}.Release|x86.Build.0 = Release|Win32
		{D38457E2-993D-489F-8B4B-0FE05A45AFB7}.Debug|x64.ActiveCfg = Debug|x64
		{D38457E2-993D-489F-8B4B-0FE05A45AFB7}.Debug|x64.Build.0 = Debug|x64
		{D38457E2-993D-489F-8B4B-0FE05A45AFB7}.Debug|x86.ActiveCfg = Debug|Win32
		{D38457E2-993D-489F-8B4B-0FE05A45AFB7}.Debug|x86.Build.0 = Debug|Win32
		{D38457E2-993D-489F-8B4B-0FE05A45AFB7}.Release|x64.ActiveCfg = Release|x64
		{D38457E2-993D-489F-8B4B-0FE05A45AFB7}.Release|x64.Build.0 = Release|x64
		{D38457E2-993D-489F-8B4B-0FE05A45AFB7}.Release|x86.ActiveCfg = Release|Win32
		{D38457E2-993D-489F-8B4B-0FE05A45AFB7}.Release|x86.Build.0 = Release|Win32
		{AE0DA964-ABAA-4D27-AE8D-EBE990A0B1EB}.Debug|x64.ActiveCfg = Debug|x64
		{AE0DA964-ABAA-4D27-AE8D-EBE990A0B1EB}.Debug|x64.Build.0 = Debug|x64
		{AE0DA964-ABAA-4D27-AE8D-EBE990A0B1EB}.Debug|x86.ActiveCfg = Debug|Win32
		{AE0DA964-ABAA-4D27-AE8D-EBE990A0B1EB}.Debug|x86.Build.0 = Debug|Win32
		{AE0DA964-ABAA-4D27-AE8D-EBE990A0B1EB}.Release|x64.ActiveCfg = Release|x64
		{AE0DA964-ABAA-4D27-AE8D-EBE990A0B1EB}.Release|x64.Build.0 = Release|x64
		{AE0DA964-ABAA-4D27-AE8D-EBE990A0B1EB}.Release|x86.ActiveCfg = Release|Win32
		{AE0DA964-ABAA-4D27-AE8D-EBE990A0B1EB}.Release|x86.Build.0 = Release|Win32
		{92E99224-9B4E-4FFE-B3BF-8069682751DD}.Debug|x64.ActiveCfg = Debug|x64
		{92E99224-9B4E-4FFE-B3BF-8069682751DD}.Debug|x64.Build.0 = Debug|x64
		{92E99224-9B4E-4FFE-B3BF-8069682751DD}.Debug|x86.ActiveCfg = Debug|Win32
		{92E99224-9B4E-4FFE-B3BF-8069682751DD}.Debug|x86.Build.0 = Debug|Win32
		{92E99224-9B4E-4FFE-B3BF-8069682751DD}.Release|x64.ActiveCfg = Release|x64
		{92E99224-9B4E-4FFE-B3BF-8069682751DD}.Release|x64.Build.0 = Release|x64
		{92E99224-9B4E-4FFE-B3BF-8069682751DD}.Release|x86.ActiveCfg = Release|Win32
		{92E99224-9B4E-4FFE-B3BF-8069682751DD}.Release|x86.Build.0 = Release|Win32
		{F3DF1823-595B-437D-A720-C98181C9D48D}.Debug|x64.ActiveCfg = Debug|x64
		{F3DF1823-595B-437D-A720-C98181C9D48D}.Debug|x64.Build.0 = Debug|x64
		{F3DF1823-595B-437D-A720-C98181C9D48D}.Debug|x86.ActiveCfg = Debug|Win32
		{F3DF1823-595B-437D-A720-C98181C9D48D}.Debug|x86.Build.0 = Debug|Win32
		{F3DF1823-595B-437D-A720-C98181C9D48D}.Release|x64.ActiveCfg = Release|x64
		{F3DF1823-595B-437D-A720-C98181C9D48D}.Release|x64.Build.0 = Release|x64
		{F3DF1823-595B-437D-A720-C98181C9D48D}.Release|x86.ActiveCfg = Release|Win32
		{F3DF1823-595B-437D-A720-C98181C9D48D}.Release|x86.Build.0 = Release|Win32
		{4C000F97-FF6A-4E2D-8273-15948C33E8B0}.Debug|x64.ActiveCfg = Debug|x64
		{4C000F97-FF6A-4E2D-8273-15948C33E8B0}.Debug|x64.Build.0 = Debug|x64
		{4C000F97-FF6A-4E2D-8273-15948C33E8B0}.Debug|x86.ActiveCfg = Debug|Win32
		{4C000F97-FF6A-4E2D-8273-15948C33E8B0}.Debug|x86.Build.0 = Debug|Win32
		{4C000F97-FF6A-4E2D-8273-15948C33E8B0}.Release|x64.ActiveCfg = Release|x64
		{4C000F97-FF6A-4E2D-8273-15948C33E8B0}.Release|x64.Build.0 = Release|x64
		{4C000F97-FF6A-4E2D-8273-15948C33E8B0}.Release|x86.ActiveCfg = Release|Win32
		{4C000F97-FF6A-4E2D-8273-15948C33E8B0}.Release|x86.Build.0 = Release|Win32
		{E8D70E4E-04A6-480C-8B95-21216FE908BA}.Debug|x64.ActiveCfg = Debug|x64
		{E8D70E4E-04A6-480C-8B95-21216FE908BA}.Debug|x64.Build.0 = Debug|x64
		{E8D70E4E-04A6-480C-8B95-21216FE908BA}.Debug|x86.ActiveCfg = Debug|Win32
		{E8D70E4E-04A6-480C-8B95-21216FE908BA}.Debug|x86.Build.0 = Debug|Win32
		{E8D70E4E-04A6-480C-8B95-21216FE908BA}.Release|x64.ActiveCfg = Release|x64
		{E8D70E4E-04A6-480C-8B95-21216FE908BA}.Release|x64.Build.0 = Release|x64
		{E8D70E4E-04A6-480C-8B95-21216FE908BA}.Release|x86.ActiveCfg = Release|Win32
		{E8D70E4E-04A6-480C-8B95-21216FE908BA}.Release|x86.Build.0 = Release|Win32
		{C3DAAB8E-431C-4689-9FA0-22D4A54B4D7F}.Debug|x64.ActiveCfg = Debug|x64
		{C3DAAB8E-431C-4689-9FA0-22D4A54B4D7F}.Debug|x64.Build.0 = Debug|x64
		{C3DAAB8E-431C-4689-9FA0-22D4A54B4D7F}.Debug|x86.ActiveCfg = Debug|Win32
		{C3DAAB8E-431C-4689-9FA0-22D4A54B4D7F}.Debug|x86.Build.0 = Debug|Win32
		{C3DAAB8E-431C-4689-9FA0-22D4A54B4D7F}.Release|x64.ActiveCfg = Release|x64
		{C3DAAB8E-431C-4689-9FA0-22D4A54B4D7F}.Release|x64.Build.0 = Release|x64
		{C3DAAB8E-431C-4689-9FA0-22D4A54B4D7F}.Release|x86.ActiveCfg = Release|Win32
		{C3DAAB8E-431C-4689-9FA0-22D4A54B4D7F}.Release|x86.Build.0 = Release|Win32
		{5E2AC76A-0DB1-4DB2-BBDB-D95A7C6C818D}.Debug|x64.ActiveCfg = Debug|x64
		{5E2AC76A-0DB1-4DB2-BBDB-D95A7C6C818D}.Debug|x64.Build.0 = Debug|x64
		{5E2AC76A-0DB1-4DB2-BBDB-D95A7C6C818D}.Debug|x86.ActiveCfg = Debug|Win32
		{5E2AC76A-0DB1-4DB2-BBDB-D95A7C6C818D}.Debug|x86.Build.0 = Debug|Win32
		{5E2AC76A-0DB1-4DB2-BBDB-D95A7C6C818D}.Release|x64.ActiveCfg = Release|x64
		{5E2AC76A-0DB1-4DB2-BBDB-D95A7C6C818D}.Release|x64.Build.0 = Release|x64
		{5E2AC76A-0DB1-4DB2-BBDB-D95A7C6C818D}.Release|x86.ActiveCfg = Release|Win32
		{5E2AC76A-0DB1-4DB2-BBDB-D95A7C6C818D}.Release|x86.Build.0 = Release|Win32
		{DACCEDEB-306B-4BD4-A465-B0CAD0B0998E}.Debug|x64.ActiveCfg = Debug|x64
		{DACCEDEB-306B-4BD4-A465-B0CAD0B0998E}.Debug|x64.Build.0 = Debug|x64
		{DACCEDEB-306B-4BD4-A465-B0CAD0B0998E}.Debug|x86.ActiveCfg = Debug|Win32
		{DACCEDEB-306B-4BD4-A465-B0CAD0B0998E}.Debug|x86.Build.0 = Debug|Win32
		{DACCEDEB-306B-4BD4-A465-B0CAD0B0998E}.Release|x64.ActiveCfg = Release|x64
		{DACCEDEB-306B-4BD4-A465-B0CAD0B0998E}.Release|x64.Build.0 = Release|x64
		{DACCEDEB-306B-4BD4-A465-B0CAD0B0998E}.Release|x86.ActiveCfg = Release|Win32
		{DACCEDEB-306B-4BD4-A465-B0CAD0B0998E}.Release|x86.Build.0 = Release|Win32
		{7666B877-972C-45E1-9E39-F8B1A3C96BBE}.Debug|x64.ActiveCfg = Debug|x64
		{7666B877-972C-45E1-9E39-F8B1A3C96BBE}.Debug|x64.Build.0 = Debug|x64
		{7666B877-972C-45E1-9E39-F8B1A3C96BBE}.Debug|x86.ActiveCfg = Debug|Win32
		{7666B877-972C-45E1-9E39-F8B1A3C96BBE}.Debug|x86.Build.0 = Debug|Win32
		{7666B877-972C-45E1-9E39-F8B1A3C96BBE}.Release|x64.ActiveCfg = Release|x64
		{7666B877-972C-45E1-9E39-F8B1A3C96BBE}.Release|x64.Build.0 = Release|x64
		{7666B877-972C-45E1-9E39-F8B1A3C96BBE}.Release|x86.ActiveCfg = Release|Win32
		{7666B877-972C-45E1-9E39-F8B1A3C96BBE}.Release|x86.Build.0 = Release|Win32
		{226C855D-19F1-41C7-B436-D29C05D430C1}.Debug|x64.ActiveCfg = Debug|x64
		{226C855D-19F1-41C7-B436-D29C05D430C1}.Debug|x64.Build.0 = Debug|x64
		{226C855D-19F1-41C7-B436-D29C05D430C1}.Debug|x86.ActiveCfg = Debug|Win32
		{226C855D-19F1-41C7-B436-D29C05D430C1}.Debug|x86.Build.0 = Debug|Win32
		{226C855D-19F1-41C7-B436-D29C05D430C1}.Release|x64.ActiveCfg = Release|x64
		{226C855D-19F1-41C7-B436-D29C05D430C1}.Release|x64.Build.0 = Release|x64
		{226C855D-19F1-41C7-B436-D29C05D430C1}.Release|x86.ActiveCfg = Release|Win32
		{226C855D-19F1-41C7-B436-D29C05D430C1}.Release|x86.Build.0 = Release|Win32
		{8C046CCF-C4AF-47AB-AF9D-3FE5817F4407}.Debug|x64.ActiveCfg = Debug|x64
		{8C046CCF-C4AF-47AB-AF9D-3FE5817F4407}.Debug|x64.Build.0 = Debug|x64
		{8C046CCF-C4AF-47AB-AF9D-3FE5817F4407}.Debug|x86.ActiveCfg = Debug|Win32
		{8C046CCF-C4AF-47AB-AF9D-3FE5817F4407}.Debug|x86.Build.0 = Debug|Win32
		{8C046CCF-C4AF-47AB-AF9D-3FE5817F4407}.Release|x64.ActiveCfg = Release|x64
		{8C046CCF-C4AF-47AB-AF9D-3FE5817F4407}.Release|x64.Build.0 = Release|x64
		{8C046CCF-C4AF-47AB-AF9D-3FE5817F4407}.Release|x86.ActiveCfg = Release|Win32
		{8C046CCF-C4AF-47AB-AF9D-3FE5817F4407}.Release|x86.Build.0 = Release|Win32
		{7BB267C2-4730-451A-8E29-DB8763877842}.Debug|x64.ActiveCfg = Debug|x64
		{7BB267C2-4730-451A-8E29-DB8763877842}.Debug|x64.Build.0 = Debug|x64
		{7BB267C2-4730-451A-8E29-DB8763877842}.Debug|x86.ActiveCfg = Debug|Win32
		{7BB267C2-4730-451A-8E29-DB8763877842}.Debug|x86.Build.0 = Debug|Win32
		{7BB267C2-4730-451A-8E29-DB8763877842}.Release|x64.ActiveCfg = Release|x64
		{7BB267C2-4730-451A-8E29-DB8763877842}.Release|x64.Build.0 = Release|x64
		{7BB267C2-4730-451A-8E29-DB8763877842}.Release|x86.ActiveCfg = Release|Win32
		{7BB267C2-4730-451A-8E29-DB8763877842}.Release|x86.Build.0 = Release|Win32
		{17402AA5-79B3-4F4D-80E4-59A306E5CFEB}.Debug|x64.ActiveCfg = Debug|x64
		{17402AA5-79B3-4F4D-80E4-59A306E5CFEB}.Debug|x64.Build.0 = Debug|x64
		{17402AA5-79B3-4F4D-80E4-59A306E5CFEB}.Debug|x86.ActiveCfg = Debug|Win32
		{17402AA5-79B3-4F4D-80E4-59A306E5CFEB}.Debug|x86.Build.0 = Debug|Win32
		{17402AA5-79B3-4F4D-80E4-59A306E5CFEB}.Release|x64.ActiveCfg = Release|x64
		{17402AA5-79B3-4F4D-80E4-59A306E5CFEB}.Release|x64.Build.0 = Release|x64
		{17402AA5-79B3-4F4D-80E4-59A306E5CFEB}.Release|x86.ActiveCfg = Release|Win32
		{17402AA5-79B3-4F4D-80E4-59A306E5CFEB}.Release|x86.Build.0 = Release|Win32
		{5A241DC3-B633-4F76-BA1C-F3EAFBEDCBD4}.Debug|x64.ActiveCfg = Debug|x64
		{5A241DC3-B633-4F76-BA1C-F3EAFBEDCBD4}.Debug|x64.Build.0 = Debug|x64
		{5A241DC3-B633-4F76-BA1C-F3EAFBEDCBD4}.Debug|x86.ActiveCfg = Debug|Win32
		{5A241DC3-B633-4F76-BA1C-F3EAFBEDCBD4}.Debug|x86.Build.0 = Debug|Win32
		{5A241DC3-B633-4F76-BA1C-F3EAFBEDCBD4}.Release|x64.ActiveCfg = Release|x64
		{5A241DC3-B633-4F76-BA1C-F3EAFBEDCBD4}.Release|x64.Build.0 = Release|x64
		{5A241DC3-B633-4F76-BA1C-F3EAFBEDCBD4}.Release|x86.ActiveCfg = Release|Win32
		{5A241DC3-B633-4F76-BA1C-F3EAFBEDCBD4}.Release|x86.Build.0 = Release|Win32
		{A977C8CF-7904-472F-8E83-F189F71AFDE3}.Debug|x64.ActiveCfg = Debug|x64
		{A977C8CF-7904-472F-8E83-F189F71AFDE3}.Debug|x64.Build.0 = Debug|x64
		{A977C8CF-7904-472F-8E83-F189F71AFDE3}.Debug|x86.ActiveCfg = Debug|Win32
		{A977C8CF-7904-472F-8E83-F189F71AFDE3}.Debug|x86.Build.0 = Debug|Win32
		{A977C8CF-7904-472F-8E83-F189F71AFDE3}.Release|x64.ActiveCfg = Release|x64
		{A977C8CF-7904-472F-8E83-F189F71AFDE3}.Release|x64.Build.0 = Release|x64
		{A977C8CF-7904-472F-8E83-F189F71AFDE3}.Release|x86.ActiveCfg = Release|Win32
		{A977C8CF-7904-472F-8E83-F189F71AFDE3}.Release|x86.Build.0 = Release|Win32
		{4500AC2B-9FEF-4581-A6C7-AEDAAB5FA89B}.Debug|x64.ActiveCfg = Debug|x64
		{4500AC2B-9FEF-4581-A6C7-AEDAAB5FA89B}.Debug|x64.Build.0 = Debug|x64
		{4500AC2B-9FEF-4581-A6C7-AEDAAB5FA89B}.Debug|x86.ActiveCfg = Debug|Win32
		{4500AC2B-9FEF-4581-A6C7-AEDAAB5FA89B}.Debug|x86.Build.0 = Debug|Win32
		{4500AC2B-9FEF-4581-A6C7-AEDAAB5FA89B}.Release|x64.ActiveCfg = Release|x64
		{4500AC2B-9FEF-4581-A6C7-AEDAAB5FA89B}.Release|x64.Build.0 = Release|x64
		{4500AC2B-9FEF-4581-A6C7-AEDAAB5FA89B}.Release|x86.ActiveCfg = Release|Win32
		{4500AC2B-9FEF-4581-A6C7-AEDAAB5FA89B}.Release|x86.Build.0 = Release|Win32
		{967E3FA7-D469-4B61-AE56-6566A8C868A3}.Debug|x64.ActiveCfg = Debug|x64
		{967E3FA7-D469-4B61-AE56-6566A8C868A3}.Debug|x64.Build.0 = Debug|x64
		{967E3FA7-D469-4B61-AE56-6566A8C868A3}.Debug|x86.ActiveCfg = Debug|Win32
		{967E3FA7-D469-4B61-AE56-6566A8C868A3}.Debug|x86.Build.0 = Debug|Win32
		{967E3FA7-D469-4B61-AE56-6566A8C868A3}.Release|x64.ActiveCfg = Release|x64
		{967E3FA7-D469-4B61-AE56-6566A8C868A3}.Release|x64.Build.0 = Release|x64
		{967E3FA7-D469-4B61-AE56-6566A8C868A3}.Release|x86.ActiveCfg = Release|Win32
		{967E3FA7-D469-4B61-AE56-6566A8C868A3}.Release|x86.Build.0 = Release|Win32
		{BD7C34CC-4E0D-43B3-A028-E51379933DC8}.Debug|x64.ActiveCfg = Debug|x64
		{BD7C34CC-4E0D-43B3-A028-E51379933DC8}.Debug|x64.Build.0 = Debug|x64
		{BD7C34CC-4E0D-43B3-A028-E51379933DC8}.Debug|x86.ActiveCfg = Debug|Win32
		{BD7C34CC-4E0D-43B3-A028-E51379933DC8}.Debug|x86.Build.0 = Debug|Win32
		{BD7C34CC-4E0D-43B3-A028-E51379933DC8}.Release|x64.ActiveCfg = Release|x64
		{BD7C34CC-4E0D-43B3-A028-E51379933DC8}.Release|x64.Build.0 = Release|x64
		{BD7C34CC-4E0D-43B3-A028-E51379933DC8}.Release|x86.ActiveCfg = Release|Win32
		{BD7C34CC-4E0D-43B3-A028-E51379933DC8}.Release|x86.Build.0 = Release|Win32
		{3ED474AB-BB04-4813-9B12-A3D7F7EFD8AE}.Debug|x64.ActiveCfg = Debug|x64
		{3ED474AB-BB04-4813-9B12-A3D7F7EFD8AE}.Debug|x64.Build.0 = Debug|x64
		{3ED474AB-BB04-4813-9B12-A3D7F7EFD8AE}.Debug|x86.ActiveCfg = Debug|Win32
		{3ED474AB-BB04-4813-9B12-A3D7F7EFD8AE}.Debug|x86.Build.0 = Debug|Win32
		{3ED474AB-BB04-4813-9B12-A3D7F7EFD8AE}.Release|x64.ActiveCfg = Release|x64
		{3ED474AB-BB04-4813-9B12-A3D7F7EFD8AE}.Release|x64.Build.0 = Release|x64
		{3ED474AB-BB04-4813-9B12-A3D7F7EFD8AE}.Release|x86.ActiveCfg = Release|Win32
		{3ED474AB-BB04-4813-9B12-A3D7F7EFD8AE}.Release|x86.Build.0 = Release|Win32
		{36C4DE3C-D469-44EF-AE9B-77B515FCCED1}.Debug|x64.ActiveCfg = Debug|x64
		{36C4DE3C-D469-44EF-AE9B-77B515FCCED1}.Debug|x64.Build.0 = Debug|x64
		{36C4DE3C-D469-44EF-AE9B-77B515FCCED1}.Debug|x86.ActiveCfg = Debug|Win32
		{36C4DE3C-D469-44EF-AE9B-77B515FCCED1}.Debug|x86.Build.0 = Debug|Win32
		{36C4DE3C-D469-44EF-AE9B-77B515FCCED1}.Release|x64.ActiveCfg = Release|x64
		{36C4DE3C-D469-44EF-AE9B-77B515FCCED1}.Release|x64.Build.0 = Release|x64
		{36C4DE3C-D469-44EF-AE9B-77B515FCCED1}.Release|x86.ActiveCfg = Release|Win32
		{36C4DE3C-D469-44EF-AE9B-77B515FCCED1}.Release|x86.Build.0 = Release|Win32
		{6BE60F4D-3867-4BA6-9BBB-9E50B0A92362}.Debug|x64.ActiveCfg = Debug|x64
		{6BE60F4D-3867-4BA6-9BBB-9E50B0A92362}.Debug|x64.Build.0 = Debug|x64
		{6BE60F4D-3867-4BA6-9BBB-9E50B0A92362}.Debug|x86.ActiveCfg = Debug|Win32
		{6BE60F4D-3867-4BA6-9BBB-9E50B0A92362}.Debug|x86.Build.0 = Debug|Win32
		{6BE60F4D-3867-4BA6-9BBB-9E50B0A92362}.Release|x64.ActiveCfg = Release|x64
		{6BE60F4D-3867-4BA6-9BBB-9E50B0A92362}.Release|x64.Build.0 = Release|x64
		{6BE60F4D-3867-4BA6-9BBB-9E50B0A92362}.Release|x86.ActiveCfg = Release|Win32
		{6BE60F4D-3867-4BA6-9BBB-9E50B0A92362}.Release|x86.Build.0 = Release|Win32
		{378D1FD6-299C-4A73-8576-476DF662F461}.Debug|x64.ActiveCfg = Debug|x64
		{378D1FD6-299C-4A73-8576-476DF662F461}.Debug|x64.Build.0 = Debug|x64
		{378D1FD6-299C-4A73-8576-476DF662F461}.Debug|x86.ActiveCfg = Debug|Win32
		{378D1FD6-299C-4A73-8576-476DF662F461}.Debug|x86.Build.0 = Debug|Win32
		{378D1FD6-299C-4A73-8576-476DF662F461}.Release|x64.ActiveCfg = Release|x64
		{378D1FD6-299C-4A73-8576-476DF662F461}.Release|x64.Build.0 = Release|x64
		{378D1FD6-299C-4A73-8576-476DF662F461}.Release|x86.ActiveCfg = Release|Win32
		{378D1FD6-299C-4A73-8576-476DF662F461}.Release|x86.Build.0 = Release|Win32
		{1A45C05D-0618-45AB-85C7-BE0334D1ED2A}.Debug|x64.ActiveCfg = Debug|x64
		{1A45C05D-0618-45AB-85C7-BE0334D1ED2A}.Debug|x64.Build.0 = Debug|x64
		{1A45C05D-0618-45AB-85C7-BE0334D1ED2A}.Debug|x86.ActiveCfg = Debug|Win32
		{1A45C05D-0618-45AB-85C7-BE0334D1ED2A}.Debug|x86.Build.0 = Debug|Win32
		{1A45C05D-0618-45AB-85C7-BE0334D1ED2A}.Release|x64.ActiveCfg = Release|x64
		{1A45C05D-0618-45AB-85C7-BE0334D1ED2A}.Release|x64.Build.0 = Release|x64
		{1A45C05D-0618-45AB-85C7-BE0334D1ED2A}.Release|x86.ActiveCfg = Release|Win32
		{1A45C05D-0618-45AB-85C7-BE0334D1ED2A}.Release|x86.Build.0 = Release|Win32
		{788ED518-ECCD-4371-9D6D-C0B5CBAF420E}.Debug|x64.ActiveCfg = Debug|x64
		{788ED518-ECCD-4371-9D6D-C0B5CBAF420E}.Debug|x64.Build.0 = Debug|x64
		{788ED518-ECCD-4371-9D6D-C0B5CBAF420E}.Debug|x86.ActiveCfg = Debug|Win32
		{788ED518-ECCD-4371-9D6D-C0B5CBAF420E}.Debug|x86.Build.0 = Debug|Win32
		{788ED518-ECCD-4371-9D6D-C0B5CBAF420E}.Release|x64.ActiveCfg = Release|x64
		{788ED518-ECCD-4371-9D6D-C0B5CBAF420E}.Release|x64.Build.0 = Release|x64
		{788ED518-ECCD-4371-9D6D-C0B5CBAF420E}.Release|x86.ActiveCfg = Release|Win32
		{788ED518-ECCD-4371-9D6D-C0B5CBAF420E}.Release|x86.Build.0 = Release|Win32
		{2A116730-F7F5-4B68-A3A2-07DC0FA244CF}.Debug|x64.ActiveCfg = Debug|x64
		{2A116730-F7F5-4B68-A3A2-07DC0FA244CF}.Debug|x64.Build.0 = Debug|x64
		{2A116730-F7F5-4B68-A3A2-07DC0FA244CF}.Debug|x86.ActiveCfg = Debug|Win32
		{2A116730-F7F5-4B68-A3A2-07DC0FA244CF}.Debug|x86.Build.0 = Debug|Win32
		{2A116730-F7F5-4B68-A3A2-07DC0FA244CF}.Release|x64.ActiveCfg = Release|x64
		{2A116730-F7F5-4B68-A3A2-07DC0FA244CF}.Release|x64.Build.0 = Release|x64
		{2A116730-F7F5-4B68-A3A2-07DC0FA244CF}.Release|x86.ActiveCfg = Release|Win32
		{2A116730-F7F5-4B68-A3A2-07DC0FA244CF}.Release|x86.Build.0 = Release|Win32
		{DFD937AB-2487-411F-81D4-676A4FBC8ABF}.Debug|x64.ActiveCfg = Debug|x64
		{DFD937AB-2487-411F-81D4-676A4FBC8ABF}.Debug|x64.Build.0 = Debug|x64
		{DFD937AB-2487-411F-81D4-676A4FBC8ABF}.Debug|x86.ActiveCfg = Debug|Win32
		{DFD937AB-2487-411F-81D4-676A4FBC8ABF}.Debug|x86.Build.0 = Debug|Win32
		{DFD937AB-2487-411F-81D4-676A4FBC8ABF}.Release|x64.ActiveCfg = Release|x64
		{DFD937AB-2487-411F-81D4-676A4FBC8ABF}.Release|x64.Build.0 = Release|x64
		{DFD937AB-2487-411F-81D4-676A4FBC8ABF}.Release|x86.ActiveCfg = Release|Win32
		{DFD937AB-2487-411F-81D4-676A4FBC8ABF}.Release|x86.Build.0 = Release|Win32
		{60630689-9477-47EB-ABD9-AE766CD1E313}.Debug|x64.ActiveCfg = Debug|x64
		{60630689-9477-47EB-ABD9-AE766CD1E313}.Debug|x64.Build.0 = Debug|x64
		{60630689-9477-47EB-ABD9-AE766CD1E313}.Debug|x86.ActiveCfg = Debug|Win32
		{60630689-9477-47EB-ABD9-AE766CD1E313}.Debug|x86.Build.0 = Debug|Win32
		{60630689-9477-47EB-ABD9-AE766CD1E313}.Release|x64.ActiveCfg = Release|x64
		{60630689-9477-47EB-ABD9-AE766CD1E313}.Release|x64.Build.0 = Release|x64
		{60630689-9477-47EB-ABD9-AE766CD1E313}.Release|x86.ActiveCfg = Release|Win32
		{60630689-9477-47EB-ABD9-AE766CD1E313}.Release|x86.Build.0 = Release|Win32
		{14B2D3B0-766E-44FE-8D69-6F81431B3D2C}.Debug|x64.ActiveCfg = Debug|x64
		{14B2D3B0-766E-44FE-8D69-6F81431B3D2C}.Debug|x64.Build.0 = Debug|x64
		{14B2D3B0-766E-44FE-8D69-6F81431B3D2C}.Debug|x86.ActiveCfg = Debug|Win32
		{14B2D3B0-766E-44FE-8D69-6F81431B3D2C}.Debug|x86.Build.0 = Debug|Win32
		{14B2D3B0-766E-44FE-8D69-6F81431B3D2C}.Release|x64.ActiveCfg = Release|x64
		{14B2D3B0-766E-44FE-8D69-6F81431B3D2C}.Release|x64.Build.0 = Release|x64
		{14B2D3B0-766E-44FE-8D69-6F81431B3D2C}.Release|x86.ActiveCfg = Release|Win32
		{14B2D3B0-766E-44FE-8D69-6F81431B3D2C}.Release|x86.Build.0 = Release|Win32
		{C492A2B7-8984-40D3-9170-8FFB6441BA17}.Debug|x64.ActiveCfg = Debug|x64
		{C492A2B7-8984-40D3-9170-8FFB6441BA17}.Debug|x64.Build.0 = Debug|x64
		{C492A2B7-8984-40D3-9170-8FFB6441BA17}.Debug|x86.ActiveCfg = Debug|Win32
		{C492A2B7-8984-40D3-9170-8FFB6441BA17}.Debug|x86.Build.0 = Debug|Win32
		{C492A2B7-8984-40D3-9170-8FFB6441BA17}.Release|x64.ActiveCfg = Release|x64
		{C492A2B7-8984-40D3-9170-8FFB6441BA17}.Release|x64.Build.0 = Release|x64
		{C492A2B7-8984-40D3-9170-8FFB6441BA17}.Release|x86.ActiveCfg = Release|Win32
		{C492A2B7-8984-40D3-9170-8FFB6441BA17}.Release|x86.Build.0 = Release|Win32
		{A1644483-C6D6-4F27-B0F9-B4A03A19C8B0}.Debug|x64.ActiveCfg = Debug|x64
		{A1644483-C6D6-4F27-B0F9-B4A03A19C8B0}.Debug|x64.Build.0 = Debug|x64
		{A1644483-C6D6-4F27-B0F9-B4A03A19C8B0}.Debug|x86.ActiveCfg = Debug|Win32
		{A1644483-C6D6-4F27-B0F9-B4A03A19C8B0}.Debug|x86.Build.0 = Debug|Win32
		{A1644483-C6D6-4F27-B0F9-B4A03A19C8B0}.Release|x64.ActiveCfg = Release|x64
		{A1644483-C6D6-4F27-B0F9-B4A03A19C8B0}.Release|x64.Build.0 = Release|x64
		{A1644483-C6D6-4F27-B0F9-B4A03A19C8B0}.Release|x86.ActiveCfg = Release|Win32
		{A1644483-C6D6-4F27-B0F9-B4A03A19C8B0}.Release|x86.Build.0 = Release|Win32
		{AEF60989-8EB8-413F-A220-6E8A99A44E6A}.Debug|x64.ActiveCfg = Debug|x64
		{AEF60989-8EB8-413F-A220-6E8A99A44E6A}.Debug|x64.Build.0 = Debug|x64
		{AEF60989-8EB8-413F-A220-6E8A99A44E6A}.Debug|x86.ActiveCfg = Debug|Win32
		{AEF60989-8EB8-413F-A220-6E8A99A44E6A}.Debug|x86.Build.0 = Debug|Win32
		{AEF60989-8EB8-413F-A220-6E8A99A44E6A}.Release|x64.ActiveCfg = Release|x64
		{AEF60989-8EB8-413F-A220-6E8A99A44E6A}.Release|x64.Build.0 = Release|x64
		{AEF60989-8EB8-413F-A220-6E8A99A44E6A}.Release|x86.ActiveCfg = Release|Win32
		{AEF60989-8EB8-413F-A220-6E8A99A44E6A}.Release|x86.Build.0 = Release|Win32
		{D451D5DB-5F63-4E76-9767-6616FAC6B383}.Debug|x64.ActiveCfg = Debug|x64
		{D451D5DB-5F63-4E76-9767-6616FAC6B383}.Debug|x64.Build.0 = Debug|x64
		{D451D5DB-5F63-4E76-9767-6616FAC6B383}.Debug|x86.ActiveCfg = Debug|Win32
		{D451D5DB-5F63-4E76-9767-6616FAC6B383}.Debug|x86.Build.0 = Debug|Win32
		{D451D5DB-5F63-4E76-9767-6616FAC6B383}.Release|x64.ActiveCfg = Release|x64
		{D451D5DB-5F63-4E76-9767-6616FAC6B383}.Release|x64.Build.0 = Release|x64
		{D451D5DB-5F63-4E76-9767-6616FAC6B383}.Release|x86.ActiveCfg = Release|Win32
		{D451D5DB-5F63-4E76-9767-6616FAC6B383}.Release|x86.Build.0 = Release|Win32
		{9DE18165-C30E-4230-AC33-B4B97E71CE17}.Debug|x64.ActiveCfg = Debug|x64
		{9DE18165-C30E-4230-AC33-B4B97E71CE17}.Debug|x64.Build.0 = Debug|x64
		{9DE18165-C30E-4230-AC33-B4B97E71CE17}.Debug|x86.ActiveCfg = Debug|Win32
		{9DE18165-C30E-4230-AC33-B4B97E71CE17}.Debug|x86.Build.0 = Debug|Win32
		{9DE18165-C30E-4230-AC33-B4B97E71CE17}.Release|x64.ActiveCfg = Release|x64
		{9DE18165-C30E-4230-AC33-B4B97E71CE17}.Release|x64.Build.0 = Release|x64
		{9DE18165-C30E-4230-AC33-B4B97E71CE17}.Release|x86.ActiveCfg = Release|Win32
		{9DE18165-C30E-4230-AC33-B4B97E71CE17}.Release|x86.Build.0 = Release|Win32
		{44A914D1-F0B4-4C37-B9B4-5248F51C1D36}.Debug|x64.ActiveCfg = Debug|x64
		{44A914D1-F0B4-4C37-B9B4-5248F51C1D36}.Debug|x64.Build.0 = Debug|x64
		{44A914D1-F0B4-4C37-B9B4-5248F51C1D36}.Debug|x86.ActiveCfg = Debug|Win32
		{44A914D1-F0B4-4C37-B9B4-5248F51C1D36}.Debug|x86.Build.0 = Debug|Win32
		{44A914D1-F0B4-4C37-B9B4-5248F51C1D36}.Release|x64.ActiveCfg = Release|x64
		{44A914D1-F0B4-4C37-B9B4-5248F51C1D36}.Release|x64.Build.0 = Release|x64
		{44A914D1-F0B4-4C37-B9B4-5248F51C1D36}.Release|x86.ActiveCfg = Release|Win32
		{44A914D1-F0B4-4C37-B9B4-5248F51C1D36}.Release|x86.Build.0 = Release|Win32
		{68D5466B-D8B9-45E4-8853-8418C19C3166}.Debug|x64.ActiveCfg = Debug|x64
		{68D5466B-D8B9-45E4-8853-8418C19C3166}.Debug|x64.Build.0 = Debug|x64
		{68D5466B-D8B9-45E4-8853-8418C19C3166}.Debug|x86.ActiveCfg = Debug|Win32
		{68D5466B-D8B9-45E4-8853-8418C19C3166}.Debug|x86.Build.0 = Debug|Win32
		{68D5466B-D8B9-45E4-8853-8418C19C3166}.Release|x64.ActiveCfg = Release|x64
		{68D5466B-D8B9-45E4-8853-8418C19C3166}.Release|x64.Build.0 = Release|x64
		{68D5466B-D8B9-45E4-8853-8418C19C3166}.Release|x86.ActiveCfg = Release|Win32
		{68D5466B-D8B9-45E4-8853-8418C19C3166}.Release|x86.Build.0 = Release|Win32
		{2AB40FDE-2185-4E45-99A1-F14171238CB1}.Debug|x64.ActiveCfg = Debug|x64
		{2AB40FDE-2185-4E45-99A1-F14171238CB1}.Debug|x64.Build.0 = Debug|x64
		{2AB40FDE-2185-4E45-99A1-F14171238CB1}.Debug|x86.ActiveCfg = Debug|Win32
		{2AB40FDE-2185-4E45-99A1-F14171238CB1}.Debug|x86.Build.0 = Debug|Win32
		{2AB40FDE-2185-4E45-99A1-F14171238CB1}.Release|x64.ActiveCfg = Release|x64
		{2AB40FDE-2185-4E45-99A1-F14171238CB1}.Release|x64.Build.0 = Release|x64
		{2AB40FDE-2185-4E45-99A1-F14171238CB1}.Release|x86.ActiveCfg = Release|Win32
		{2AB40FDE-2185-4E45-99A1-F14171238CB1}.Release|x86.Build.0 = Release|Win32
		{0CBF5C12-AE38-45A0-BFA3-9A35D825486E}.Debug|x64.ActiveCfg = Debug|x64
		{0CBF5C12-AE38-45A0-BFA3-9A35D825486E}.Debug|x64.Build.0 = Debug|x64
		{0CBF5C12-AE38-45A0-BFA3-9A35D825486E}.Debug|x86.ActiveCfg = Debug|Win32
		{0CBF5C12-AE38-45A0-BFA3-9A35D825486E}.Debug|x86.Build.0 = Debug|Win32
		{0CBF5C12-AE38-45A0-BFA3-9A35D825486E}.Release|x64.ActiveCfg = Release|x64
		{0CBF5C12-AE38-45A0-BFA3-9A35D825486E}.Release|x64.Build.0 = Release|x64
		{0CBF5C12-AE38-45A0-BFA3-9A35D825486E}.Release|x86.ActiveCfg = Release|Win32
		{0CBF5C12-AE38-45A0-BFA3-9A35D825486E}.Release|x86.Build.0 = Release|Win32
		{5E1E3261-F7D4-45DB-B183-7D50E437009F}.Debug|x64.ActiveCfg = Debug|x64
		{5E1E3261-F7D4-45DB-B183-7D50E437009F}.Debug|x64.Build.0 = Debug|x64
		{5E1E3261-F7D4-45DB-B183-7D50E437009F}.Debug|x86.ActiveCfg = Debug|Win32
		{5E1E3261-F7D4-45DB-B183-7D50E437009F}.Debug|x86.Build.0 = Debug|Win32
		{5E1E3261-F7D4-45DB-B183-7D50E437009F}.Release|x64.ActiveCfg = Release|x64
		{5E1E3261-F7D4-45DB-B183-7D50E437009F}.Release|x64.Build.0 = Release|x64
		{5E1E3261-F7D4-45DB-B183-7D50E437009F}.Release|x86.ActiveCfg = Release|Win32
		{5E1E3261-F7D4-45DB-B183-7D50E437009F}.Release|x86.Build.0 = Release|Win32
		{231C885B-C53B-460B-8CE4-13DDF13DF6DF}.Debug|x64.ActiveCfg = Debug|x64
		{231C885B-C53B-460B-8CE4-13DDF13DF6DF}.Debug|x64.Build.0 = Debug|x64
		{231C885B-C53B-460B-8CE4-13DDF13DF6DF}.Debug|x86.ActiveCfg = Debug|Win32
		{231C885B-C53B-460B-8CE4-13DDF13DF6DF}.Debug|x86.Build.0 = Debug|Win32
		{231C885B-C53B-460B-8CE4-13DDF13DF6DF}.Release|x64.ActiveCfg = Release|x64
		{231C885B-C53B-460B-8CE4-13DDF13DF6DF}.Release|x64.Build.0 = Release|x64
		{231C885B-C53B-460B-8CE4-13DDF13DF6DF}.Release|x86.ActiveCfg = Release|Win32
		{231C885B-C53B-460B-8CE4-13DDF13DF6DF}.Release|x86.Build.0 = Release|Win32
		{82D8B452-0356-4FC2-B7A1-075E4CD71017}.Debug|x64.ActiveCfg = Debug|x64
		{82D8B452-0356-4FC2-B7A1-075E4CD71017}.Debug|x64.Build.0 = Debug|x64
		{82D8B452-0356-4FC2-B7A1-075E4CD71017}.Debug|x86.ActiveCfg = Debug|Win32
		{82D8B452-0356-4FC2-B7A1-075E4CD71017}.Debug|x86.Build.0 = Debug|Win32
		{82D8B452-0356-4FC2-B7A1-075E4CD71017}.Release|x64.ActiveCfg = Release|x64
		{82D8B452-0356-4FC2-B7A1-075E4CD71017}.Release|x64.Build.0 = Release|x64
		{82D8B452-0356-4FC2-B7A1-075E4CD71017}.Release|x86.ActiveCfg = Release|Win32
		{82D8B452-0356-4FC2-B7A1-075E4CD71017}.Release|x86.Build.0 = Release|Win32
		{69329174-6A42-4236-9B7E-A1CBB95C2985}.Debug|x64.ActiveCfg = Debug|x64
		{69329174-6A42-4236-9B7E-A1CBB95C2985}.Debug|x64.Build.0 = Debug|x64
		{69329174-6A42-4236-9B7E-A1CBB95C2985}.Debug|x86.ActiveCfg = Debug|Win32
		{69329174-6A42-4236-9B7E-A1CBB95C2985}.Debug|x86.Build.0 = Debug|Win32
		{69329174-6A42-4236-9B7E-A1CBB95C2985}.Release|x64.ActiveCfg = Release|x64
		{69329174-6A42-4236-9B7E-A1CBB95C2985}.Release|x64.Build.0 = Release|x64
		{69329174-6A42-4236-9B7E-A1CBB95C2985}.Release|x86.ActiveCfg = Release|Win32
		{69329174-6A42-4236-9B7E-A1CBB95C2985}.Release|x86.Build.0 = Release|Win32
		{8AF13C4B-D202-4E54-AE9E-C30DE322D4F3}.Debug|x64.ActiveCfg = Debug|x64
		{8AF13C4B-D202-4E54-AE9E-C30DE322D4F3}.Debug|x64.Build.0 = Debug|x64
		{8AF13C4B-D202-4E54-AE9E-C30DE322D4F3}.Debug|x86.ActiveCfg = Debug|Win32
		{8AF13C4B-D202-4E54-AE9E-C30DE322D4F3}.Debug|x86.Build.0 = Debug|Win32
		{8AF13C4B-D202-4E54-AE9E-C30DE322D4F3}.Release|x64.ActiveCfg = Release|x64
		{8AF13C4B-D202-4E54-AE9E-C30DE322D4F3}.Release|x64.Build.0 = Release|x64
		{8AF13C4B-D202-4E54-AE9E-C30DE322D4F3}.Release|x86.ActiveCfg = Release|Win32
		{8AF13C4B-D202-4E54-AE9E-C30DE322D4F3}.Release|x86.Build.0 = Release|Win32
		{71248699-6F6C-458C-A4FE-AF78579AFAA0}.Debug|x64.ActiveCfg = Debug|x64
		{71248699-6F6C-458C-A4FE-AF78579AFAA0}.Debug|x64.Build.0 = Debug|x64
		{71248699-6F6C-458C-A4FE-AF78579AFAA0}.Debug|x86.ActiveCfg = Debug|Win32
		{71248699-6F6C-458C-A4FE-AF78579AFAA0}.Debug|x86.Build.0 = Debug|Win32
		{71248699-6F6C-458C-A4FE-AF78579AFAA0}.Release|x64.ActiveCfg = Release|x64
		{71248699-6F6C-458C-A4FE-AF78579AFAA0}.Release|x64.Build.0 = Release|x64
		{71248699-6F6C-458C-A4FE-AF78579AFAA0}.Release|x86.ActiveCfg = Release|Win32
		{71248699-6F6C-458C-A4FE-AF78579AFAA0}.Release|x86.Build.0 = Release|Win32
	EndGlobalSection
	GlobalSection(SolutionProperties) = preSolution
		HideSolutionNode = FALSE
	EndGlobalSection
	GlobalSection(NestedProjects) = preSolution
		{8D9E65DA-B3B4-495D-952B-9B29724B5DE8} = {FCCB9104-3053-4420-A8C3-42CAD6E0B9C2}
		{F781A8CC-730A-491C-997F-5A6512136F55} = {FCCB9104-3053-4420-A8C3-42CAD6E0B9C2}
		{1952991C-0856-42EB-8452-ABDF42407D9F} = {FCCB9104-3053-4420-A8C3-42CAD6E0B9C2}
		{EA0B6573-A054-4B04-8E90-9E9B5CB72EFA} = {FCCB9104-3053-4420-A8C3-42CAD6E0B9C2}
		{E0B342F6-6978-4EFA-A9AE-1DC15A9B2B50} = {FCCB9104-3053-4420-A8C3-42CAD6E0B9C2}
		{67E9900A-85DB-4D27-BAA1-82801E5FBF73} = {FCCB9104-3053-4420-A8C3-42CAD6E0B9C2}
		{2396CE14-B668-4B17-B6D1-77BCBB081038} = {FCCB9104-3053-4420-A8C3-42CAD6E0B9C2}
		{91B48935-CF5C-4CC2-9B5B-660FBEB3AA98} = {FCCB9104-3053-4420-A8C3-42CAD6E0B9C2}
		{D1D1684F-F267-468A-AD0D-A1ACD0687087} = {FCCB9104-3053-4420-A8C3-42CAD6E0B9C2}
		{3E044E70-4FF5-4854-A839-F4B8573D14BB} = {FCCB9104-3053-4420-A8C3-42CAD6E0B9C2}
		{8C4B4F92-13BB-481E-A848-D9EC476825F5} = {FCCB9104-3053-4420-A8C3-42CAD6E0B9C2}
		{7667A10B-BE21-4769-B7CA-1411CBEE1639} = {55E4378A-5BE9-43CB-B0D4-5E7DC560486E}
		{A9E1B5C9-AD29-499E-A4D6-531109D29853} = {55E4378A-5BE9-43CB-B0D4-5E7DC560486E}
		{1B3AB210-E0C0-420F-8EEA-02B46EABA2C5} = {55E4378A-5BE9-43CB-B0D4-5E7DC560486E}
		{AA3072ED-525D-435C-8258-A32EBFC31B99} = {55E4378A-5BE9-43CB-B0D4-5E7DC560486E}
		{5FBBC2DD-37B9-4E60-88D4-2554B7B2DC7F} = {55E4378A-5BE9-43CB-B0D4-5E7DC560486E}
		{D5E7B585-9276-462C-9587-8333C9CB26B1} = {55E4378A-5BE9-43CB-B0D4-5E7DC560486E}
		{8C6BEC16-C4D6-4CC1-9211-0A5E2AF9839F} = {55E4378A-5BE9-43CB-B0D4-5E7DC560486E}
		{A9260FA5-DB01-48D8-9F61-3C0C0290AF8E} = {55E4378A-5BE9-43CB-B0D4-5E7DC560486E}
		{03FC25B5-C96D-43CD-8F3A-6E3A3343E71B} = {55E4378A-5BE9-43CB-B0D4-5E7DC560486E}
		{1AEAB96B-E39A-45A3-BA55-47C252B897F0} = {55E4378A-5BE9-43CB-B0D4-5E7DC560486E}
		{322DE7C3-4C28-4728-B8CE-5FA9A4E076BD} = {55E4378A-5BE9-43CB-B0D4-5E7DC560486E}
		{52F431A4-0C0E-4AB0-A112-D6FDEA982761} = {322DE7C3-4C28-4728-B8CE-5FA9A4E076BD}
		{CB4A7915-103E-41E4-877C-686FFD6ACC3A} = {322DE7C3-4C28-4728-B8CE-5FA9A4E076BD}
		{6CA5FCCE-8EF2-4EF0-B0F8-EC81E07CAD12} = {322DE7C3-4C28-4728-B8CE-5FA9A4E076BD}
		{06F2225D-3298-431F-985A-A5D44CA930A1} = {322DE7C3-4C28-4728-B8CE-5FA9A4E076BD}
		{279A8CF5-2D21-4A38-8CD5-10093B7CFAB6} = {322DE7C3-4C28-4728-B8CE-5FA9A4E076BD}
		{2E317A62-D877-48F0-A8E7-16FCC8BA4915} = {322DE7C3-4C28-4728-B8CE-5FA9A4E076BD}
		{6EB80F12-0C99-4051-A425-FCD7A6714B5A} = {322DE7C3-4C28-4728-B8CE-5FA9A4E076BD}
		{C26AB2B5-0C1E-4D25-B465-BABB7764458D} = {55E4378A-5BE9-43CB-B0D4-5E7DC560486E}
		{47CF6FF5-376E-4827-94D7-5E759FC31C5E} = {55E4378A-5BE9-43CB-B0D4-5E7DC560486E}
		{6AC67760-39A8-4690-8AC9-BE2B193B9414} = {55E4378A-5BE9-43CB-B0D4-5E7DC560486E}
		{4231D525-3A29-40D4-8002-70EE984ECEE6} = {55E4378A-5BE9-43CB-B0D4-5E7DC560486E}
		{D6519132-EF66-4679-894F-03DB7F4CF4B6} = {55E4378A-5BE9-43CB-B0D4-5E7DC560486E}
		{7A9F3284-03C6-4E8F-B506-87B99859C611} = {575D0958-FEBC-46DD-AE3B-12EA755B0ADD}
		{456355E1-F9FC-44AF-9341-F24C870A95A3} = {7A9F3284-03C6-4E8F-B506-87B99859C611}
		{33B3F2EA-FC82-4AA9-8C72-3367725CBF76} = {7A9F3284-03C6-4E8F-B506-87B99859C611}
		{86FAFF37-4149-4F8B-B649-AFB8B1A4E630} = {7A9F3284-03C6-4E8F-B506-87B99859C611}
		{521D77B2-D796-43E3-B7C8-E790062A4CF9} = {7A9F3284-03C6-4E8F-B506-87B99859C611}
		{8B13734F-9B27-4123-B5C7-518141627BE3} = {7A9F3284-03C6-4E8F-B506-87B99859C611}
		{02E36CF9-6441-4174-9102-111755E9B065} = {7A9F3284-03C6-4E8F-B506-87B99859C611}
		{8F4A1E21-955D-4233-9878-D3E303FBC6E0} = {7A9F3284-03C6-4E8F-B506-87B99859C611}
		{917BF8C4-9464-48CD-B93D-2DFF981B668F} = {7A9F3284-03C6-4E8F-B506-87B99859C611}
		{085794F7-BCB8-4409-944B-DC59E7DECF48} = {7A9F3284-03C6-4E8F-B506-87B99859C611}
		{A4775E79-36C0-4880-90CD-6DCBF30F277C} = {575D0958-FEBC-46DD-AE3B-12EA755B0ADD}
		{89B00C1A-7ABC-4F3D-B0C2-211AB847DAC7} = {A4775E79-36C0-4880-90CD-6DCBF30F277C}
		{0EE475C9-7370-489A-A506-CC96E3A5BA50} = {718D9F82-4879-4F69-A4CF-B6F24312A182}
		{7D5076A1-9E10-44F3-98EC-216897F553A2} = {0EE475C9-7370-489A-A506-CC96E3A5BA50}
		{A350BA28-4D0E-46E0-A6D7-A662895DF61A} = {0EE475C9-7370-489A-A506-CC96E3A5BA50}
		{D44E8915-2B0B-4779-8B96-60DF1E271E2C} = {0EE475C9-7370-489A-A506-CC96E3A5BA50}
		{3EBAAC92-2088-490F-AA27-6CE71FCB1B3C} = {0EE475C9-7370-489A-A506-CC96E3A5BA50}
		{85DAC7C0-F89E-4135-A8DE-2725B3868F8D} = {0EE475C9-7370-489A-A506-CC96E3A5BA50}
		{745798B3-5315-402B-A022-67DEBF2A16F6} = {0EE475C9-7370-489A-A506-CC96E3A5BA50}
		{0537D7F3-56B1-42FD-B2A9-350F2571C4F0} = {718D9F82-4879-4F69-A4CF-B6F24312A182}
		{2B89FF78-9F14-4A2C-8504-9D25A32032C1} = {0537D7F3-56B1-42FD-B2A9-350F2571C4F0}
		{EE1D507F-F654-4147-B129-48F55A9E8D30} = {0537D7F3-56B1-42FD-B2A9-350F2571C4F0}
		{EF495310-DAAB-4C06-A30E-1D6FFF19CAD1} = {0537D7F3-56B1-42FD-B2A9-350F2571C4F0}
		{B3C31184-190B-4600-8F4D-4E15987E0AC3} = {0537D7F3-56B1-42FD-B2A9-350F2571C4F0}
		{61D733F4-A9C2-4477-9123-CCD15E21CC81} = {718D9F82-4879-4F69-A4CF-B6F24312A182}
		{F5592E44-70EE-4E3D-8066-CB92AF39D017} = {718D9F82-4879-4F69-A4CF-B6F24312A182}
		{4C3A05CC-504A-47F4-9AF8-FDE92303B621} = {2CD98CAF-DE5F-4322-8912-0F959A7EA6D8}
		{1D9BA325-BF3C-474C-AC8D-7B513ECBF329} = {4C3A05CC-504A-47F4-9AF8-FDE92303B621}
		{72EA6DF9-A1DD-45DF-B97E-B947CC403E35} = {4C3A05CC-504A-47F4-9AF8-FDE92303B621}
		{C34E3162-FE24-4F9B-98D9-FEBB7CBBBB55} = {4C3A05CC-504A-47F4-9AF8-FDE92303B621}
		{D38457E2-993D-489F-8B4B-0FE05A45AFB7} = {4C3A05CC-504A-47F4-9AF8-FDE92303B621}
		{F5FC8E29-B061-45D7-B7A1-DB879D885899} = {2CD98CAF-DE5F-4322-8912-0F959A7EA6D8}
		{AE0DA964-ABAA-4D27-AE8D-EBE990A0B1EB} = {F5FC8E29-B061-45D7-B7A1-DB879D885899}
		{92E99224-9B4E-4FFE-B3BF-8069682751DD} = {F5FC8E29-B061-45D7-B7A1-DB879D885899}
		{F3DF1823-595B-437D-A720-C98181C9D48D} = {F5FC8E29-B061-45D7-B7A1-DB879D885899}
		{4C000F97-FF6A-4E2D-8273-15948C33E8B0} = {F5FC8E29-B061-45D7-B7A1-DB879D885899}
		{E8D70E4E-04A6-480C-8B95-21216FE908BA} = {F5FC8E29-B061-45D7-B7A1-DB879D885899}
		{C3DAAB8E-431C-4689-9FA0-22D4A54B4D7F} = {F5FC8E29-B061-45D7-B7A1-DB879D885899}
		{02A164BD-A7E4-4056-B40F-C9A632CB968B} = {2CD98CAF-DE5F-4322-8912-0F959A7EA6D8}
		{5E2AC76A-0DB1-4DB2-BBDB-D95A7C6C818D} = {02A164BD-A7E4-4056-B40F-C9A632CB968B}
		{29CE982E-3595-401D-AE16-D2582196D86B} = {8E4CBC1E-574F-4247-AC5E-A196C9755795}
		{DACCEDEB-306B-4BD4-A465-B0CAD0B0998E} = {29CE982E-3595-401D-AE16-D2582196D86B}
		{7666B877-972C-45E1-9E39-F8B1A3C96BBE} = {29CE982E-3595-401D-AE16-D2582196D86B}
		{226C855D-19F1-41C7-B436-D29C05D430C1} = {29CE982E-3595-401D-AE16-D2582196D86B}
		{8C046CCF-C4AF-47AB-AF9D-3FE5817F4407} = {29CE982E-3595-401D-AE16-D2582196D86B}
		{7BB267C2-4730-451A-8E29-DB8763877842} = {29CE982E-3595-401D-AE16-D2582196D86B}
		{17402AA5-79B3-4F4D-80E4-59A306E5CFEB} = {29CE982E-3595-401D-AE16-D2582196D86B}
		{5A241DC3-B633-4F76-BA1C-F3EAFBEDCBD4} = {29CE982E-3595-401D-AE16-D2582196D86B}
		{A977C8CF-7904-472F-8E83-F189F71AFDE3} = {29CE982E-3595-401D-AE16-D2582196D86B}
		{4500AC2B-9FEF-4581-A6C7-AEDAAB5FA89B} = {29CE982E-3595-401D-AE16-D2582196D86B}
		{9A12557B-8DB0-44BA-8B48-5022536042BA} = {8E4CBC1E-574F-4247-AC5E-A196C9755795}
		{967E3FA7-D469-4B61-AE56-6566A8C868A3} = {9A12557B-8DB0-44BA-8B48-5022536042BA}
		{BD7C34CC-4E0D-43B3-A028-E51379933DC8} = {9A12557B-8DB0-44BA-8B48-5022536042BA}
		{3ED474AB-BB04-4813-9B12-A3D7F7EFD8AE} = {9A12557B-8DB0-44BA-8B48-5022536042BA}
		{36C4DE3C-D469-44EF-AE9B-77B515FCCED1} = {9A12557B-8DB0-44BA-8B48-5022536042BA}
		{6BE60F4D-3867-4BA6-9BBB-9E50B0A92362} = {9A12557B-8DB0-44BA-8B48-5022536042BA}
		{378D1FD6-299C-4A73-8576-476DF662F461} = {9A12557B-8DB0-44BA-8B48-5022536042BA}
		{1A45C05D-0618-45AB-85C7-BE0334D1ED2A} = {8E4CBC1E-574F-4247-AC5E-A196C9755795}
		{67DEC2B4-30E1-4BCE-B35F-19FADE414370} = {BDB9340C-1FC3-41EE-891C-A9A8B766C987}
		{788ED518-ECCD-4371-9D6D-C0B5CBAF420E} = {67DEC2B4-30E1-4BCE-B35F-19FADE414370}
		{2A116730-F7F5-4B68-A3A2-07DC0FA244CF} = {67DEC2B4-30E1-4BCE-B35F-19FADE414370}
		{DFD937AB-2487-411F-81D4-676A4FBC8ABF} = {67DEC2B4-30E1-4BCE-B35F-19FADE414370}
		{60630689-9477-47EB-ABD9-AE766CD1E313} = {67DEC2B4-30E1-4BCE-B35F-19FADE414370}
		{14B2D3B0-766E-44FE-8D69-6F81431B3D2C} = {67DEC2B4-30E1-4BCE-B35F-19FADE414370}
		{C492A2B7-8984-40D3-9170-8FFB6441BA17} = {BDB9340C-1FC3-41EE-891C-A9A8B766C987}
		{A14E7749-1212-4B47-86C4-459541B2754C} = {742DD175-EE2C-4EB0-9264-F0BF218425E1}
		{A1644483-C6D6-4F27-B0F9-B4A03A19C8B0} = {A14E7749-1212-4B47-86C4-459541B2754C}
		{AEF60989-8EB8-413F-A220-6E8A99A44E6A} = {A14E7749-1212-4B47-86C4-459541B2754C}
		{D451D5DB-5F63-4E76-9767-6616FAC6B383} = {A14E7749-1212-4B47-86C4-459541B2754C}
		{9DE18165-C30E-4230-AC33-B4B97E71CE17} = {A14E7749-1212-4B47-86C4-459541B2754C}
		{44A914D1-F0B4-4C37-B9B4-5248F51C1D36} = {A14E7749-1212-4B47-86C4-459541B2754C}
		{68D5466B-D8B9-45E4-8853-8418C19C3166} = {A14E7749-1212-4B47-86C4-459541B2754C}
		{2AB40FDE-2185-4E45-99A1-F14171238CB1} = {A14E7749-1212-4B47-86C4-459541B2754C}
		{0CBF5C12-AE38-45A0-BFA3-9A35D825486E} = {A14E7749-1212-4B47-86C4-459541B2754C}
		{B21E5448-9F4C-44AA-BE8C-68BB9432A534} = {3A15DC58-C41C-46FC-A38C-2C0B157208C7}
		{5E1E3261-F7D4-45DB-B183-7D50E437009F} = {B21E5448-9F4C-44AA-BE8C-68BB9432A534}
		{231C885B-C53B-460B-8CE4-13DDF13DF6DF} = {B21E5448-9F4C-44AA-BE8C-68BB9432A534}
		{405854D0-1E38-4D97-8968-5E0108383D75} = {3A15DC58-C41C-46FC-A38C-2C0B157208C7}
		{82D8B452-0356-4FC2-B7A1-075E4CD71017} = {405854D0-1E38-4D97-8968-5E0108383D75}
		{69329174-6A42-4236-9B7E-A1CBB95C2985} = {405854D0-1E38-4D97-8968-5E0108383D75}
		{8AF13C4B-D202-4E54-AE9E-C30DE322D4F3} = {405854D0-1E38-4D97-8968-5E0108383D75}
		{71248699-6F6C-458C-A4FE-AF78579AFAA0} = {405854D0-1E38-4D97-8968-5E0108383D75}
	EndGlobalSection
	GlobalSection(ExtensibilityGlobals) = postSolution
		SolutionGuid = {2F03C069-928A-41A9-93BF-5012E66D10B4}
	EndGlobalSection
EndGlobal
