
Microsoft Visual Studio Solution File, Format Version 12.00
# Visual Studio 15
VisualStudioVersion = 15.0.27130.2026
MinimumVisualStudioVersion = 10.0.40219.1
Project("{2150E333-8FDC-42A3-9474-1A3956D46DE8}") = "Chapter1", "Chapter1", "{FCCB9104-3053-4420-A8C3-42CAD6E0B9C2}"
EndProject
Project("{2150E333-8FDC-42A3-9474-1A3956D46DE8}") = "Chapter2", "Chapter2", "{55E4378A-5BE9-43CB-B0D4-5E7DC560486E}"
EndProject
Project("{2150E333-8FDC-42A3-9474-1A3956D46DE8}") = "Chapter3", "Chapter3", "{575D0958-FEBC-46DD-AE3B-12EA755B0ADD}"
EndProject
Project("{2150E333-8FDC-42A3-9474-1A3956D46DE8}") = "Chapter4", "Chapter4", "{718D9F82-4879-4F69-A4CF-B6F24312A182}"
EndProject
Project("{2150E333-8FDC-42A3-9474-1A3956D46DE8}") = "Chapter5", "Chapter5", "{2CD98CAF-DE5F-4322-8912-0F959A7EA6D8}"
EndProject
Project("{2150E333-8FDC-42A3-9474-1A3956D46DE8}") = "Chapter6", "Chapter6", "{8E4CBC1E-574F-4247-AC5E-A196C9755795}"
EndProject
Project("{2150E333-8FDC-42A3-9474-1A3956D46DE8}") = "Chapter7", "Chapter7", "{BDB9340C-1FC3-41EE-891C-A9A8B766C987}"
EndProject
Project("{2150E333-8FDC-42A3-9474-1A3956D46DE8}") = "Chapter8", "Chapter8", "{C1BAC7F0-F74C-46FD-9B33-BE62641BB47B}"
EndProject
Project("{2150E333-8FDC-42A3-9474-1A3956D46DE8}") = "Chapter9", "Chapter9", "{742DD175-EE2C-4EB0-9264-F0BF218425E1}"
EndProject
Project("{2150E333-8FDC-42A3-9474-1A3956D46DE8}") = "Chapter10", "Chapter10", "{3A15DC58-C41C-46FC-A38C-2C0B157208C7}"
EndProject
Project("{8BC9CEB8-8B4A-11D0-8D11-00A0C91BC942}") = "C1A", "C1A\A.vcxproj", "{8D9E65DA-B3B4-495D-952B-9B29724B5DE8}"
EndProject
Project("{8BC9CEB8-8B4A-11D0-8D11-00A0C91BC942}") = "C1B", "C1B\C1B.vcxproj", "{F781A8CC-730A-491C-997F-5A6512136F55}"
EndProject
Project("{8BC9CEB8-8B4A-11D0-8D11-00A0C91BC942}") = "C1C", "C1C\C1C.vcxproj", "{1952991C-0856-42EB-8452-ABDF42407D9F}"
EndProject
Project("{8BC9CEB8-8B4A-11D0-8D11-00A0C91BC942}") = "C1D", "C1D\C1D.vcxproj", "{EA0B6573-A054-4B04-8E90-9E9B5CB72EFA}"
EndProject
Project("{8BC9CEB8-8B4A-11D0-8D11-00A0C91BC942}") = "C1E.c", "C1E.c\C1E.c.vcxproj", "{E0B342F6-6978-4EFA-A9AE-1DC15A9B2B50}"
EndProject
Project("{8BC9CEB8-8B4A-11D0-8D11-00A0C91BC942}") = "C1salary", "C1salary\C1salary.vcxproj", "{67E9900A-85DB-4D27-BAA1-82801E5FBF73}"
EndProject
Project("{8BC9CEB8-8B4A-11D0-8D11-00A0C91BC942}") = "C1distance", "C1distance\C1distance.vcxproj", "{2396CE14-B668-4B17-B6D1-77BCBB081038}"
EndProject
Project("{8BC9CEB8-8B4A-11D0-8D11-00A0C91BC942}") = "precentage", "precentage\precentage.vcxproj", "{91B48935-CF5C-4CC2-9B5B-660FBEB3AA98}"
EndProject
Project("{8BC9CEB8-8B4A-11D0-8D11-00A0C91BC942}") = "C1areaofREcCircle", "C1areaofREcCircle\C1areaofREcCircle.vcxproj", "{D1D1684F-F267-468A-AD0D-A1ACD0687087}"
EndProject
Project("{8BC9CEB8-8B4A-11D0-8D11-00A0C91BC942}") = "temperature", "temperature\temperature.vcxproj", "{3E044E70-4FF5-4854-A839-F4B8573D14BB}"
EndProject
Global
	GlobalSection(SolutionConfigurationPlatforms) = preSolution
		Debug|x64 = Debug|x64
		Debug|x86 = Debug|x86
		Release|x64 = Release|x64
		Release|x86 = Release|x86
	EndGlobalSection
	GlobalSection(ProjectConfigurationPlatforms) = postSolution
		{8D9E65DA-B3B4-495D-952B-9B29724B5DE8}.Debug|x64.ActiveCfg = Debug|x64
		{8D9E65DA-B3B4-495D-952B-9B29724B5DE8}.Debug|x64.Build.0 = Debug|x64
		{8D9E65DA-B3B4-495D-952B-9B29724B5DE8}.Debug|x86.ActiveCfg = Debug|Win32
		{8D9E65DA-B3B4-495D-952B-9B29724B5DE8}.Debug|x86.Build.0 = Debug|Win32
		{8D9E65DA-B3B4-495D-952B-9B29724B5DE8}.Release|x64.ActiveCfg = Release|x64
		{8D9E65DA-B3B4-495D-952B-9B29724B5DE8}.Release|x64.Build.0 = Release|x64
		{8D9E65DA-B3B4-495D-952B-9B29724B5DE8}.Release|x86.ActiveCfg = Release|Win32
		{8D9E65DA-B3B4-495D-952B-9B29724B5DE8}.Release|x86.Build.0 = Release|Win32
		{F781A8CC-730A-491C-997F-5A6512136F55}.Debug|x64.ActiveCfg = Debug|x64
		{F781A8CC-730A-491C-997F-5A6512136F55}.Debug|x64.Build.0 = Debug|x64
		{F781A8CC-730A-491C-997F-5A6512136F55}.Debug|x86.ActiveCfg = Debug|Win32
		{F781A8CC-730A-491C-997F-5A6512136F55}.Debug|x86.Build.0 = Debug|Win32
		{F781A8CC-730A-491C-997F-5A6512136F55}.Release|x64.ActiveCfg = Release|x64
		{F781A8CC-730A-491C-997F-5A6512136F55}.Release|x64.Build.0 = Release|x64
		{F781A8CC-730A-491C-997F-5A6512136F55}.Release|x86.ActiveCfg = Release|Win32
		{F781A8CC-730A-491C-997F-5A6512136F55}.Release|x86.Build.0 = Release|Win32
		{1952991C-0856-42EB-8452-ABDF42407D9F}.Debug|x64.ActiveCfg = Debug|x64
		{1952991C-0856-42EB-8452-ABDF42407D9F}.Debug|x64.Build.0 = Debug|x64
		{1952991C-0856-42EB-8452-ABDF42407D9F}.Debug|x86.ActiveCfg = Debug|Win32
		{1952991C-0856-42EB-8452-ABDF42407D9F}.Debug|x86.Build.0 = Debug|Win32
		{1952991C-0856-42EB-8452-ABDF42407D9F}.Release|x64.ActiveCfg = Release|x64
		{1952991C-0856-42EB-8452-ABDF42407D9F}.Release|x64.Build.0 = Release|x64
		{1952991C-0856-42EB-8452-ABDF42407D9F}.Release|x86.ActiveCfg = Release|Win32
		{1952991C-0856-42EB-8452-ABDF42407D9F}.Release|x86.Build.0 = Release|Win32
		{EA0B6573-A054-4B04-8E90-9E9B5CB72EFA}.Debug|x64.ActiveCfg = Debug|x64
		{EA0B6573-A054-4B04-8E90-9E9B5CB72EFA}.Debug|x64.Build.0 = Debug|x64
		{EA0B6573-A054-4B04-8E90-9E9B5CB72EFA}.Debug|x86.ActiveCfg = Debug|Win32
		{EA0B6573-A054-4B04-8E90-9E9B5CB72EFA}.Debug|x86.Build.0 = Debug|Win32
		{EA0B6573-A054-4B04-8E90-9E9B5CB72EFA}.Release|x64.ActiveCfg = Release|x64
		{EA0B6573-A054-4B04-8E90-9E9B5CB72EFA}.Release|x64.Build.0 = Release|x64
		{EA0B6573-A054-4B04-8E90-9E9B5CB72EFA}.Release|x86.ActiveCfg = Release|Win32
		{EA0B6573-A054-4B04-8E90-9E9B5CB72EFA}.Release|x86.Build.0 = Release|Win32
		{E0B342F6-6978-4EFA-A9AE-1DC15A9B2B50}.Debug|x64.ActiveCfg = Debug|x64
		{E0B342F6-6978-4EFA-A9AE-1DC15A9B2B50}.Debug|x64.Build.0 = Debug|x64
		{E0B342F6-6978-4EFA-A9AE-1DC15A9B2B50}.Debug|x86.ActiveCfg = Debug|Win32
		{E0B342F6-6978-4EFA-A9AE-1DC15A9B2B50}.Debug|x86.Build.0 = Debug|Win32
		{E0B342F6-6978-4EFA-A9AE-1DC15A9B2B50}.Release|x64.ActiveCfg = Release|x64
		{E0B342F6-6978-4EFA-A9AE-1DC15A9B2B50}.Release|x64.Build.0 = Release|x64
		{E0B342F6-6978-4EFA-A9AE-1DC15A9B2B50}.Release|x86.ActiveCfg = Release|Win32
		{E0B342F6-6978-4EFA-A9AE-1DC15A9B2B50}.Release|x86.Build.0 = Release|Win32
		{67E9900A-85DB-4D27-BAA1-82801E5FBF73}.Debug|x64.ActiveCfg = Debug|x64
		{67E9900A-85DB-4D27-BAA1-82801E5FBF73}.Debug|x64.Build.0 = Debug|x64
		{67E9900A-85DB-4D27-BAA1-82801E5FBF73}.Debug|x86.ActiveCfg = Debug|Win32
		{67E9900A-85DB-4D27-BAA1-82801E5FBF73}.Debug|x86.Build.0 = Debug|Win32
		{67E9900A-85DB-4D27-BAA1-82801E5FBF73}.Release|x64.ActiveCfg = Release|x64
		{67E9900A-85DB-4D27-BAA1-82801E5FBF73}.Release|x64.Build.0 = Release|x64
		{67E9900A-85DB-4D27-BAA1-82801E5FBF73}.Release|x86.ActiveCfg = Release|Win32
		{67E9900A-85DB-4D27-BAA1-82801E5FBF73}.Release|x86.Build.0 = Release|Win32
		{2396CE14-B668-4B17-B6D1-77BCBB081038}.Debug|x64.ActiveCfg = Debug|x64
		{2396CE14-B668-4B17-B6D1-77BCBB081038}.Debug|x64.Build.0 = Debug|x64
		{2396CE14-B668-4B17-B6D1-77BCBB081038}.Debug|x86.ActiveCfg = Debug|Win32
		{2396CE14-B668-4B17-B6D1-77BCBB081038}.Debug|x86.Build.0 = Debug|Win32
		{2396CE14-B668-4B17-B6D1-77BCBB081038}.Release|x64.ActiveCfg = Release|x64
		{2396CE14-B668-4B17-B6D1-77BCBB081038}.Release|x64.Build.0 = Release|x64
		{2396CE14-B668-4B17-B6D1-77BCBB081038}.Release|x86.ActiveCfg = Release|Win32
		{2396CE14-B668-4B17-B6D1-77BCBB081038}.Release|x86.Build.0 = Release|Win32
		{91B48935-CF5C-4CC2-9B5B-660FBEB3AA98}.Debug|x64.ActiveCfg = Debug|x64
		{91B48935-CF5C-4CC2-9B5B-660FBEB3AA98}.Debug|x64.Build.0 = Debug|x64
		{91B48935-CF5C-4CC2-9B5B-660FBEB3AA98}.Debug|x86.ActiveCfg = Debug|Win32
		{91B48935-CF5C-4CC2-9B5B-660FBEB3AA98}.Debug|x86.Build.0 = Debug|Win32
		{91B48935-CF5C-4CC2-9B5B-660FBEB3AA98}.Release|x64.ActiveCfg = Release|x64
		{91B48935-CF5C-4CC2-9B5B-660FBEB3AA98}.Release|x64.Build.0 = Release|x64
		{91B48935-CF5C-4CC2-9B5B-660FBEB3AA98}.Release|x86.ActiveCfg = Release|Win32
		{91B48935-CF5C-4CC2-9B5B-660FBEB3AA98}.Release|x86.Build.0 = Release|Win32
		{D1D1684F-F267-468A-AD0D-A1ACD0687087}.Debug|x64.ActiveCfg = Debug|x64
		{D1D1684F-F267-468A-AD0D-A1ACD0687087}.Debug|x64.Build.0 = Debug|x64
		{D1D1684F-F267-468A-AD0D-A1ACD0687087}.Debug|x86.ActiveCfg = Debug|Win32
		{D1D1684F-F267-468A-AD0D-A1ACD0687087}.Debug|x86.Build.0 = Debug|Win32
		{D1D1684F-F267-468A-AD0D-A1ACD0687087}.Release|x64.ActiveCfg = Release|x64
		{D1D1684F-F267-468A-AD0D-A1ACD0687087}.Release|x64.Build.0 = Release|x64
		{D1D1684F-F267-468A-AD0D-A1ACD0687087}.Release|x86.ActiveCfg = Release|Win32
		{D1D1684F-F267-468A-AD0D-A1ACD0687087}.Release|x86.Build.0 = Release|Win32
		{3E044E70-4FF5-4854-A839-F4B8573D14BB}.Debug|x64.ActiveCfg = Debug|x64
		{3E044E70-4FF5-4854-A839-F4B8573D14BB}.Debug|x64.Build.0 = Debug|x64
		{3E044E70-4FF5-4854-A839-F4B8573D14BB}.Debug|x86.ActiveCfg = Debug|Win32
		{3E044E70-4FF5-4854-A839-F4B8573D14BB}.Debug|x86.Build.0 = Debug|Win32
		{3E044E70-4FF5-4854-A839-F4B8573D14BB}.Release|x64.ActiveCfg = Release|x64
		{3E044E70-4FF5-4854-A839-F4B8573D14BB}.Release|x64.Build.0 = Release|x64
		{3E044E70-4FF5-4854-A839-F4B8573D14BB}.Release|x86.ActiveCfg = Release|Win32
		{3E044E70-4FF5-4854-A839-F4B8573D14BB}.Release|x86.Build.0 = Release|Win32
	EndGlobalSection
	GlobalSection(SolutionProperties) = preSolution
		HideSolutionNode = FALSE
	EndGlobalSection
	GlobalSection(NestedProjects) = preSolution
		{8D9E65DA-B3B4-495D-952B-9B29724B5DE8} = {FCCB9104-3053-4420-A8C3-42CAD6E0B9C2}
		{F781A8CC-730A-491C-997F-5A6512136F55} = {FCCB9104-3053-4420-A8C3-42CAD6E0B9C2}
		{1952991C-0856-42EB-8452-ABDF42407D9F} = {FCCB9104-3053-4420-A8C3-42CAD6E0B9C2}
		{EA0B6573-A054-4B04-8E90-9E9B5CB72EFA} = {FCCB9104-3053-4420-A8C3-42CAD6E0B9C2}
		{E0B342F6-6978-4EFA-A9AE-1DC15A9B2B50} = {FCCB9104-3053-4420-A8C3-42CAD6E0B9C2}
		{67E9900A-85DB-4D27-BAA1-82801E5FBF73} = {FCCB9104-3053-4420-A8C3-42CAD6E0B9C2}
		{2396CE14-B668-4B17-B6D1-77BCBB081038} = {FCCB9104-3053-4420-A8C3-42CAD6E0B9C2}
		{91B48935-CF5C-4CC2-9B5B-660FBEB3AA98} = {FCCB9104-3053-4420-A8C3-42CAD6E0B9C2}
		{D1D1684F-F267-468A-AD0D-A1ACD0687087} = {FCCB9104-3053-4420-A8C3-42CAD6E0B9C2}
		{3E044E70-4FF5-4854-A839-F4B8573D14BB} = {FCCB9104-3053-4420-A8C3-42CAD6E0B9C2}
	EndGlobalSection
	GlobalSection(ExtensibilityGlobals) = postSolution
		SolutionGuid = {2F03C069-928A-41A9-93BF-5012E66D10B4}
	EndGlobalSection
EndGlobal
