
Microsoft Visual Studio Solution File, Format Version 12.00
# Visual Studio 15
VisualStudioVersion = 15.0.27428.2002
MinimumVisualStudioVersion = 10.0.40219.1
Project("{F184B08F-C81C-45F6-A57F-5ABD9991F28F}") = "Hello", "Hello\Hello.vbproj", "{8450EB2C-61FE-40DA-A24F-BC0D1C08CEC6}"
EndProject
Project("{F184B08F-C81C-45F6-A57F-5ABD9991F28F}") = "Select", "Select\Select.vbproj", "{FDD79E47-ABB2-4C2C-9C0F-63923AE5FF0A}"
EndProject
Project("{F184B08F-C81C-45F6-A57F-5ABD9991F28F}") = "DoLoop", "DoLoop\DoLoop.vbproj", "{A9C49C01-78A1-4EC8-9CD5-F0394B4C7DDD}"
EndProject
Project("{F184B08F-C81C-45F6-A57F-5ABD9991F28F}") = "doLoopUntil", "doLoopUntil\doLoopUntil.vbproj", "{5F485FB5-B6E0-4144-BBE6-87E2B7813D00}"
EndProject
Project("{F184B08F-C81C-45F6-A57F-5ABD9991F28F}") = "forLoop", "forLoop\forLoop.vbproj", "{0CD6747F-F728-4E1E-9BD2-17E89BC338AD}"
EndProject
Project("{F184B08F-C81C-45F6-A57F-5ABD9991F28F}") = "forLoop2", "forLoop2\forLoop2.vbproj", "{3CCAFA86-DB42-41AD-AEF6-29DF43B279CC}"
EndProject
Project("{F184B08F-C81C-45F6-A57F-5ABD9991F28F}") = "EvenOddNum", "EvenOddNum\EvenOddNum.vbproj", "{EC760980-1A22-43C5-9236-BE290A45416F}"
EndProject
Project("{F184B08F-C81C-45F6-A57F-5ABD9991F28F}") = "age", "age\age.vbproj", "{4A4F19D7-FC61-4226-A4C3-D44A0D1ED776}"
EndProject
Project("{F184B08F-C81C-45F6-A57F-5ABD9991F28F}") = "Messagebox", "Messagebox\Messagebox.vbproj", "{D7EF5D8A-359F-473E-8966-D5C350C851D2}"
EndProject
Project("{F184B08F-C81C-45F6-A57F-5ABD9991F28F}") = "Subroutines", "Subroutines\Subroutines.vbproj", "{B66B5E56-627C-4FB0-9F5E-40BAB42FC4E9}"
EndProject
Project("{F184B08F-C81C-45F6-A57F-5ABD9991F28F}") = "Functions", "Functions\Functions.vbproj", "{D4A33BEA-2ED6-41BE-A275-206D177D91EB}"
EndProject
Project("{F184B08F-C81C-45F6-A57F-5ABD9991F28F}") = "PassingVariable", "PassingVariable\PassingVariable.vbproj", "{DA21F1F1-59B7-44ED-946F-08C59A91257B}"
EndProject
Project("{F184B08F-C81C-45F6-A57F-5ABD9991F28F}") = "Optional Argument", "Optional Argument\Optional Argument.vbproj", "{96DE57FA-4672-4107-B18E-17BFD0000665}"
EndProject
Project("{F184B08F-C81C-45F6-A57F-5ABD9991F28F}") = "msgbox", "msgbox\msgbox.vbproj", "{695BD818-C428-482B-AD72-88E6A90F9E3B}"
EndProject
Project("{F184B08F-C81C-45F6-A57F-5ABD9991F28F}") = "MyFirstForm", "MyFirstForm\MyFirstForm.vbproj", "{A43C96EF-5A5F-4DB4-AD2F-0B21AB453051}"
EndProject
Project("{F184B08F-C81C-45F6-A57F-5ABD9991F28F}") = "form1", "form1\form1.vbproj", "{545D18FB-F076-4B33-BA69-27D7C0A83EC8}"
EndProject
Project("{F184B08F-C81C-45F6-A57F-5ABD9991F28F}") = "FormEvents", "FormEvents\FormEvents.vbproj", "{3CB361E1-8EF4-45B9-97BA-3A1B1B4BA5F8}"
EndProject
Project("{F184B08F-C81C-45F6-A57F-5ABD9991F28F}") = "calculator", "calculator\calculator.vbproj", "{1F32BD20-0D85-4E29-9606-D8788316C52F}"
EndProject
Project("{F184B08F-C81C-45F6-A57F-5ABD9991F28F}") = "string", "string\string.vbproj", "{22D5867B-7562-4127-83F4-A81F385AD762}"
EndProject
Project("{F184B08F-C81C-45F6-A57F-5ABD9991F28F}") = "Contains", "Contains\Contains.vbproj", "{3E2C7C9C-6CA9-4306-85E5-F42CFA3D8693}"
EndProject
Project("{F184B08F-C81C-45F6-A57F-5ABD9991F28F}") = "Substring", "Substring\Substring.vbproj", "{E83635B2-C02A-4F6D-974E-CBC9C5D85616}"
EndProject
Project("{F184B08F-C81C-45F6-A57F-5ABD9991F28F}") = "JoiningStrings", "JoiningStrings\JoiningStrings.vbproj", "{2F4741AB-110F-4601-AF79-E00E4DA33226}"
EndProject
Project("{F184B08F-C81C-45F6-A57F-5ABD9991F28F}") = "lebel", "lebel\lebel.vbproj", "{7FF1D721-F2DC-4D8C-9322-1C0C2E8D3C93}"
EndProject
Project("{F184B08F-C81C-45F6-A57F-5ABD9991F28F}") = "RadioButton", "RadioButton\RadioButton.vbproj", "{687941C2-E5DB-4624-8525-F203613A9D6D}"
EndProject
Project("{F184B08F-C81C-45F6-A57F-5ABD9991F28F}") = "RadioButton2", "RadioButton2\RadioButton2.vbproj", "{81DD7E4B-5163-4FF6-8FAB-A424FA9A720F}"
EndProject
Project("{F184B08F-C81C-45F6-A57F-5ABD9991F28F}") = "Timer", "Timer\Timer.vbproj", "{E4E23BD5-72A6-4EBA-8B10-428837477D45}"
EndProject
Project("{F184B08F-C81C-45F6-A57F-5ABD9991F28F}") = "listbox2", "listbox2\listbox2.vbproj", "{C24CB118-368E-4474-92B4-F89DAD7CBC8D}"
EndProject
Project("{F184B08F-C81C-45F6-A57F-5ABD9991F28F}") = "combobox", "combobox\combobox.vbproj", "{1B8B157D-B030-42F3-AC14-6857EE2D9949}"
EndProject
Project("{F184B08F-C81C-45F6-A57F-5ABD9991F28F}") = "colordilogbox", "colordilogbox\colordilogbox.vbproj", "{5A224678-FEAA-42A6-9C62-DA4692CB762B}"
EndProject
Project("{F184B08F-C81C-45F6-A57F-5ABD9991F28F}") = "fontDialogBox", "fontDialogBox\fontDialogBox.vbproj", "{B9D60105-A48F-47D1-820E-34B8B653F065}"
EndProject
Project("{F184B08F-C81C-45F6-A57F-5ABD9991F28F}") = "openFileDilog", "openFileDilog\openFileDilog.vbproj", "{D0F6C506-A3D6-4F0D-A4E4-3FC159626063}"
EndProject
Project("{F184B08F-C81C-45F6-A57F-5ABD9991F28F}") = "saveFileDilogBox", "saveFileDilogBox\saveFileDilogBox.vbproj", "{37E8F405-D81D-433A-BE63-BA4DC6EC523C}"
EndProject
Project("{F184B08F-C81C-45F6-A57F-5ABD9991F28F}") = "NotePadMenu", "NotePadMenu\NotePadMenu.vbproj", "{1C4263AA-777F-43E4-8E4D-F59981521940}"
EndProject
Project("{F184B08F-C81C-45F6-A57F-5ABD9991F28F}") = "pictureBox", "pictureBox\pictureBox.vbproj", "{A5F17DE1-A7A3-4A18-9CD2-CC0375E0BB84}"
EndProject
Project("{F184B08F-C81C-45F6-A57F-5ABD9991F28F}") = "panel", "panel\panel.vbproj", "{19D5FFEF-6FDD-4074-8514-38DB9D008C6B}"
EndProject
Project("{F184B08F-C81C-45F6-A57F-5ABD9991F28F}") = "scrollbar", "scrollbar\scrollbar.vbproj", "{F6AAACBD-F8EB-498B-81B2-ABD6EAAF9C94}"
EndProject
Project("{F184B08F-C81C-45F6-A57F-5ABD9991F28F}") = "listview", "listview\listview.vbproj", "{BE74BA66-8FED-4686-A024-162E58784AFF}"
EndProject
Project("{F184B08F-C81C-45F6-A57F-5ABD9991F28F}") = "treeview", "treeview\treeview.vbproj", "{9F1321DC-F3DE-41E2-AE6B-5C4654599CFF}"
EndProject
Global
	GlobalSection(SolutionConfigurationPlatforms) = preSolution
		Debug|Any CPU = Debug|Any CPU
		Release|Any CPU = Release|Any CPU
	EndGlobalSection
	GlobalSection(ProjectConfigurationPlatforms) = postSolution
		{8450EB2C-61FE-40DA-A24F-BC0D1C08CEC6}.Debug|Any CPU.ActiveCfg = Debug|Any CPU
		{8450EB2C-61FE-40DA-A24F-BC0D1C08CEC6}.Debug|Any CPU.Build.0 = Debug|Any CPU
		{8450EB2C-61FE-40DA-A24F-BC0D1C08CEC6}.Release|Any CPU.ActiveCfg = Release|Any CPU
		{8450EB2C-61FE-40DA-A24F-BC0D1C08CEC6}.Release|Any CPU.Build.0 = Release|Any CPU
		{FDD79E47-ABB2-4C2C-9C0F-63923AE5FF0A}.Debug|Any CPU.ActiveCfg = Debug|Any CPU
		{FDD79E47-ABB2-4C2C-9C0F-63923AE5FF0A}.Debug|Any CPU.Build.0 = Debug|Any CPU
		{FDD79E47-ABB2-4C2C-9C0F-63923AE5FF0A}.Release|Any CPU.ActiveCfg = Release|Any CPU
		{FDD79E47-ABB2-4C2C-9C0F-63923AE5FF0A}.Release|Any CPU.Build.0 = Release|Any CPU
		{A9C49C01-78A1-4EC8-9CD5-F0394B4C7DDD}.Debug|Any CPU.ActiveCfg = Debug|Any CPU
		{A9C49C01-78A1-4EC8-9CD5-F0394B4C7DDD}.Debug|Any CPU.Build.0 = Debug|Any CPU
		{A9C49C01-78A1-4EC8-9CD5-F0394B4C7DDD}.Release|Any CPU.ActiveCfg = Release|Any CPU
		{A9C49C01-78A1-4EC8-9CD5-F0394B4C7DDD}.Release|Any CPU.Build.0 = Release|Any CPU
		{5F485FB5-B6E0-4144-BBE6-87E2B7813D00}.Debug|Any CPU.ActiveCfg = Debug|Any CPU
		{5F485FB5-B6E0-4144-BBE6-87E2B7813D00}.Debug|Any CPU.Build.0 = Debug|Any CPU
		{5F485FB5-B6E0-4144-BBE6-87E2B7813D00}.Release|Any CPU.ActiveCfg = Release|Any CPU
		{5F485FB5-B6E0-4144-BBE6-87E2B7813D00}.Release|Any CPU.Build.0 = Release|Any CPU
		{0CD6747F-F728-4E1E-9BD2-17E89BC338AD}.Debug|Any CPU.ActiveCfg = Debug|Any CPU
		{0CD6747F-F728-4E1E-9BD2-17E89BC338AD}.Debug|Any CPU.Build.0 = Debug|Any CPU
		{0CD6747F-F728-4E1E-9BD2-17E89BC338AD}.Release|Any CPU.ActiveCfg = Release|Any CPU
		{0CD6747F-F728-4E1E-9BD2-17E89BC338AD}.Release|Any CPU.Build.0 = Release|Any CPU
		{3CCAFA86-DB42-41AD-AEF6-29DF43B279CC}.Debug|Any CPU.ActiveCfg = Debug|Any CPU
		{3CCAFA86-DB42-41AD-AEF6-29DF43B279CC}.Debug|Any CPU.Build.0 = Debug|Any CPU
		{3CCAFA86-DB42-41AD-AEF6-29DF43B279CC}.Release|Any CPU.ActiveCfg = Release|Any CPU
		{3CCAFA86-DB42-41AD-AEF6-29DF43B279CC}.Release|Any CPU.Build.0 = Release|Any CPU
		{EC760980-1A22-43C5-9236-BE290A45416F}.Debug|Any CPU.ActiveCfg = Debug|Any CPU
		{EC760980-1A22-43C5-9236-BE290A45416F}.Debug|Any CPU.Build.0 = Debug|Any CPU
		{EC760980-1A22-43C5-9236-BE290A45416F}.Release|Any CPU.ActiveCfg = Release|Any CPU
		{EC760980-1A22-43C5-9236-BE290A45416F}.Release|Any CPU.Build.0 = Release|Any CPU
		{4A4F19D7-FC61-4226-A4C3-D44A0D1ED776}.Debug|Any CPU.ActiveCfg = Debug|Any CPU
		{4A4F19D7-FC61-4226-A4C3-D44A0D1ED776}.Debug|Any CPU.Build.0 = Debug|Any CPU
		{4A4F19D7-FC61-4226-A4C3-D44A0D1ED776}.Release|Any CPU.ActiveCfg = Release|Any CPU
		{4A4F19D7-FC61-4226-A4C3-D44A0D1ED776}.Release|Any CPU.Build.0 = Release|Any CPU
		{D7EF5D8A-359F-473E-8966-D5C350C851D2}.Debug|Any CPU.ActiveCfg = Debug|Any CPU
		{D7EF5D8A-359F-473E-8966-D5C350C851D2}.Debug|Any CPU.Build.0 = Debug|Any CPU
		{D7EF5D8A-359F-473E-8966-D5C350C851D2}.Release|Any CPU.ActiveCfg = Release|Any CPU
		{D7EF5D8A-359F-473E-8966-D5C350C851D2}.Release|Any CPU.Build.0 = Release|Any CPU
		{B66B5E56-627C-4FB0-9F5E-40BAB42FC4E9}.Debug|Any CPU.ActiveCfg = Debug|Any CPU
		{B66B5E56-627C-4FB0-9F5E-40BAB42FC4E9}.Debug|Any CPU.Build.0 = Debug|Any CPU
		{B66B5E56-627C-4FB0-9F5E-40BAB42FC4E9}.Release|Any CPU.ActiveCfg = Release|Any CPU
		{B66B5E56-627C-4FB0-9F5E-40BAB42FC4E9}.Release|Any CPU.Build.0 = Release|Any CPU
		{D4A33BEA-2ED6-41BE-A275-206D177D91EB}.Debug|Any CPU.ActiveCfg = Debug|Any CPU
		{D4A33BEA-2ED6-41BE-A275-206D177D91EB}.Debug|Any CPU.Build.0 = Debug|Any CPU
		{D4A33BEA-2ED6-41BE-A275-206D177D91EB}.Release|Any CPU.ActiveCfg = Release|Any CPU
		{D4A33BEA-2ED6-41BE-A275-206D177D91EB}.Release|Any CPU.Build.0 = Release|Any CPU
		{DA21F1F1-59B7-44ED-946F-08C59A91257B}.Debug|Any CPU.ActiveCfg = Debug|Any CPU
		{DA21F1F1-59B7-44ED-946F-08C59A91257B}.Debug|Any CPU.Build.0 = Debug|Any CPU
		{DA21F1F1-59B7-44ED-946F-08C59A91257B}.Release|Any CPU.ActiveCfg = Release|Any CPU
		{DA21F1F1-59B7-44ED-946F-08C59A91257B}.Release|Any CPU.Build.0 = Release|Any CPU
		{96DE57FA-4672-4107-B18E-17BFD0000665}.Debug|Any CPU.ActiveCfg = Debug|Any CPU
		{96DE57FA-4672-4107-B18E-17BFD0000665}.Debug|Any CPU.Build.0 = Debug|Any CPU
		{96DE57FA-4672-4107-B18E-17BFD0000665}.Release|Any CPU.ActiveCfg = Release|Any CPU
		{96DE57FA-4672-4107-B18E-17BFD0000665}.Release|Any CPU.Build.0 = Release|Any CPU
		{695BD818-C428-482B-AD72-88E6A90F9E3B}.Debug|Any CPU.ActiveCfg = Debug|Any CPU
		{695BD818-C428-482B-AD72-88E6A90F9E3B}.Debug|Any CPU.Build.0 = Debug|Any CPU
		{695BD818-C428-482B-AD72-88E6A90F9E3B}.Release|Any CPU.ActiveCfg = Release|Any CPU
		{695BD818-C428-482B-AD72-88E6A90F9E3B}.Release|Any CPU.Build.0 = Release|Any CPU
		{A43C96EF-5A5F-4DB4-AD2F-0B21AB453051}.Debug|Any CPU.ActiveCfg = Debug|Any CPU
		{A43C96EF-5A5F-4DB4-AD2F-0B21AB453051}.Debug|Any CPU.Build.0 = Debug|Any CPU
		{A43C96EF-5A5F-4DB4-AD2F-0B21AB453051}.Release|Any CPU.ActiveCfg = Release|Any CPU
		{A43C96EF-5A5F-4DB4-AD2F-0B21AB453051}.Release|Any CPU.Build.0 = Release|Any CPU
		{545D18FB-F076-4B33-BA69-27D7C0A83EC8}.Debug|Any CPU.ActiveCfg = Debug|Any CPU
		{545D18FB-F076-4B33-BA69-27D7C0A83EC8}.Debug|Any CPU.Build.0 = Debug|Any CPU
		{545D18FB-F076-4B33-BA69-27D7C0A83EC8}.Release|Any CPU.ActiveCfg = Release|Any CPU
		{545D18FB-F076-4B33-BA69-27D7C0A83EC8}.Release|Any CPU.Build.0 = Release|Any CPU
		{3CB361E1-8EF4-45B9-97BA-3A1B1B4BA5F8}.Debug|Any CPU.ActiveCfg = Debug|Any CPU
		{3CB361E1-8EF4-45B9-97BA-3A1B1B4BA5F8}.Debug|Any CPU.Build.0 = Debug|Any CPU
		{3CB361E1-8EF4-45B9-97BA-3A1B1B4BA5F8}.Release|Any CPU.ActiveCfg = Release|Any CPU
		{3CB361E1-8EF4-45B9-97BA-3A1B1B4BA5F8}.Release|Any CPU.Build.0 = Release|Any CPU
		{1F32BD20-0D85-4E29-9606-D8788316C52F}.Debug|Any CPU.ActiveCfg = Debug|Any CPU
		{1F32BD20-0D85-4E29-9606-D8788316C52F}.Debug|Any CPU.Build.0 = Debug|Any CPU
		{1F32BD20-0D85-4E29-9606-D8788316C52F}.Release|Any CPU.ActiveCfg = Release|Any CPU
		{1F32BD20-0D85-4E29-9606-D8788316C52F}.Release|Any CPU.Build.0 = Release|Any CPU
		{22D5867B-7562-4127-83F4-A81F385AD762}.Debug|Any CPU.ActiveCfg = Debug|Any CPU
		{22D5867B-7562-4127-83F4-A81F385AD762}.Debug|Any CPU.Build.0 = Debug|Any CPU
		{22D5867B-7562-4127-83F4-A81F385AD762}.Release|Any CPU.ActiveCfg = Release|Any CPU
		{22D5867B-7562-4127-83F4-A81F385AD762}.Release|Any CPU.Build.0 = Release|Any CPU
		{3E2C7C9C-6CA9-4306-85E5-F42CFA3D8693}.Debug|Any CPU.ActiveCfg = Debug|Any CPU
		{3E2C7C9C-6CA9-4306-85E5-F42CFA3D8693}.Debug|Any CPU.Build.0 = Debug|Any CPU
		{3E2C7C9C-6CA9-4306-85E5-F42CFA3D8693}.Release|Any CPU.ActiveCfg = Release|Any CPU
		{3E2C7C9C-6CA9-4306-85E5-F42CFA3D8693}.Release|Any CPU.Build.0 = Release|Any CPU
		{E83635B2-C02A-4F6D-974E-CBC9C5D85616}.Debug|Any CPU.ActiveCfg = Debug|Any CPU
		{E83635B2-C02A-4F6D-974E-CBC9C5D85616}.Debug|Any CPU.Build.0 = Debug|Any CPU
		{E83635B2-C02A-4F6D-974E-CBC9C5D85616}.Release|Any CPU.ActiveCfg = Release|Any CPU
		{E83635B2-C02A-4F6D-974E-CBC9C5D85616}.Release|Any CPU.Build.0 = Release|Any CPU
		{2F4741AB-110F-4601-AF79-E00E4DA33226}.Debug|Any CPU.ActiveCfg = Debug|Any CPU
		{2F4741AB-110F-4601-AF79-E00E4DA33226}.Debug|Any CPU.Build.0 = Debug|Any CPU
		{2F4741AB-110F-4601-AF79-E00E4DA33226}.Release|Any CPU.ActiveCfg = Release|Any CPU
		{2F4741AB-110F-4601-AF79-E00E4DA33226}.Release|Any CPU.Build.0 = Release|Any CPU
		{7FF1D721-F2DC-4D8C-9322-1C0C2E8D3C93}.Debug|Any CPU.ActiveCfg = Debug|Any CPU
		{7FF1D721-F2DC-4D8C-9322-1C0C2E8D3C93}.Debug|Any CPU.Build.0 = Debug|Any CPU
		{7FF1D721-F2DC-4D8C-9322-1C0C2E8D3C93}.Release|Any CPU.ActiveCfg = Release|Any CPU
		{7FF1D721-F2DC-4D8C-9322-1C0C2E8D3C93}.Release|Any CPU.Build.0 = Release|Any CPU
		{687941C2-E5DB-4624-8525-F203613A9D6D}.Debug|Any CPU.ActiveCfg = Debug|Any CPU
		{687941C2-E5DB-4624-8525-F203613A9D6D}.Debug|Any CPU.Build.0 = Debug|Any CPU
		{687941C2-E5DB-4624-8525-F203613A9D6D}.Release|Any CPU.ActiveCfg = Release|Any CPU
		{687941C2-E5DB-4624-8525-F203613A9D6D}.Release|Any CPU.Build.0 = Release|Any CPU
		{81DD7E4B-5163-4FF6-8FAB-A424FA9A720F}.Debug|Any CPU.ActiveCfg = Debug|Any CPU
		{81DD7E4B-5163-4FF6-8FAB-A424FA9A720F}.Debug|Any CPU.Build.0 = Debug|Any CPU
		{81DD7E4B-5163-4FF6-8FAB-A424FA9A720F}.Release|Any CPU.ActiveCfg = Release|Any CPU
		{81DD7E4B-5163-4FF6-8FAB-A424FA9A720F}.Release|Any CPU.Build.0 = Release|Any CPU
		{E4E23BD5-72A6-4EBA-8B10-428837477D45}.Debug|Any CPU.ActiveCfg = Debug|Any CPU
		{E4E23BD5-72A6-4EBA-8B10-428837477D45}.Debug|Any CPU.Build.0 = Debug|Any CPU
		{E4E23BD5-72A6-4EBA-8B10-428837477D45}.Release|Any CPU.ActiveCfg = Release|Any CPU
		{E4E23BD5-72A6-4EBA-8B10-428837477D45}.Release|Any CPU.Build.0 = Release|Any CPU
		{C24CB118-368E-4474-92B4-F89DAD7CBC8D}.Debug|Any CPU.ActiveCfg = Debug|Any CPU
		{C24CB118-368E-4474-92B4-F89DAD7CBC8D}.Debug|Any CPU.Build.0 = Debug|Any CPU
		{C24CB118-368E-4474-92B4-F89DAD7CBC8D}.Release|Any CPU.ActiveCfg = Release|Any CPU
		{C24CB118-368E-4474-92B4-F89DAD7CBC8D}.Release|Any CPU.Build.0 = Release|Any CPU
		{1B8B157D-B030-42F3-AC14-6857EE2D9949}.Debug|Any CPU.ActiveCfg = Debug|Any CPU
		{1B8B157D-B030-42F3-AC14-6857EE2D9949}.Debug|Any CPU.Build.0 = Debug|Any CPU
		{1B8B157D-B030-42F3-AC14-6857EE2D9949}.Release|Any CPU.ActiveCfg = Release|Any CPU
		{1B8B157D-B030-42F3-AC14-6857EE2D9949}.Release|Any CPU.Build.0 = Release|Any CPU
		{5A224678-FEAA-42A6-9C62-DA4692CB762B}.Debug|Any CPU.ActiveCfg = Debug|Any CPU
		{5A224678-FEAA-42A6-9C62-DA4692CB762B}.Debug|Any CPU.Build.0 = Debug|Any CPU
		{5A224678-FEAA-42A6-9C62-DA4692CB762B}.Release|Any CPU.ActiveCfg = Release|Any CPU
		{5A224678-FEAA-42A6-9C62-DA4692CB762B}.Release|Any CPU.Build.0 = Release|Any CPU
		{B9D60105-A48F-47D1-820E-34B8B653F065}.Debug|Any CPU.ActiveCfg = Debug|Any CPU
		{B9D60105-A48F-47D1-820E-34B8B653F065}.Debug|Any CPU.Build.0 = Debug|Any CPU
		{B9D60105-A48F-47D1-820E-34B8B653F065}.Release|Any CPU.ActiveCfg = Release|Any CPU
		{B9D60105-A48F-47D1-820E-34B8B653F065}.Release|Any CPU.Build.0 = Release|Any CPU
		{D0F6C506-A3D6-4F0D-A4E4-3FC159626063}.Debug|Any CPU.ActiveCfg = Debug|Any CPU
		{D0F6C506-A3D6-4F0D-A4E4-3FC159626063}.Debug|Any CPU.Build.0 = Debug|Any CPU
		{D0F6C506-A3D6-4F0D-A4E4-3FC159626063}.Release|Any CPU.ActiveCfg = Release|Any CPU
		{D0F6C506-A3D6-4F0D-A4E4-3FC159626063}.Release|Any CPU.Build.0 = Release|Any CPU
		{37E8F405-D81D-433A-BE63-BA4DC6EC523C}.Debug|Any CPU.ActiveCfg = Debug|Any CPU
		{37E8F405-D81D-433A-BE63-BA4DC6EC523C}.Debug|Any CPU.Build.0 = Debug|Any CPU
		{37E8F405-D81D-433A-BE63-BA4DC6EC523C}.Release|Any CPU.ActiveCfg = Release|Any CPU
		{37E8F405-D81D-433A-BE63-BA4DC6EC523C}.Release|Any CPU.Build.0 = Release|Any CPU
		{1C4263AA-777F-43E4-8E4D-F59981521940}.Debug|Any CPU.ActiveCfg = Debug|Any CPU
		{1C4263AA-777F-43E4-8E4D-F59981521940}.Debug|Any CPU.Build.0 = Debug|Any CPU
		{1C4263AA-777F-43E4-8E4D-F59981521940}.Release|Any CPU.ActiveCfg = Release|Any CPU
		{1C4263AA-777F-43E4-8E4D-F59981521940}.Release|Any CPU.Build.0 = Release|Any CPU
		{A5F17DE1-A7A3-4A18-9CD2-CC0375E0BB84}.Debug|Any CPU.ActiveCfg = Debug|Any CPU
		{A5F17DE1-A7A3-4A18-9CD2-CC0375E0BB84}.Debug|Any CPU.Build.0 = Debug|Any CPU
		{A5F17DE1-A7A3-4A18-9CD2-CC0375E0BB84}.Release|Any CPU.ActiveCfg = Release|Any CPU
		{A5F17DE1-A7A3-4A18-9CD2-CC0375E0BB84}.Release|Any CPU.Build.0 = Release|Any CPU
		{19D5FFEF-6FDD-4074-8514-38DB9D008C6B}.Debug|Any CPU.ActiveCfg = Debug|Any CPU
		{19D5FFEF-6FDD-4074-8514-38DB9D008C6B}.Debug|Any CPU.Build.0 = Debug|Any CPU
		{19D5FFEF-6FDD-4074-8514-38DB9D008C6B}.Release|Any CPU.ActiveCfg = Release|Any CPU
		{19D5FFEF-6FDD-4074-8514-38DB9D008C6B}.Release|Any CPU.Build.0 = Release|Any CPU
		{F6AAACBD-F8EB-498B-81B2-ABD6EAAF9C94}.Debug|Any CPU.ActiveCfg = Debug|Any CPU
		{F6AAACBD-F8EB-498B-81B2-ABD6EAAF9C94}.Debug|Any CPU.Build.0 = Debug|Any CPU
		{F6AAACBD-F8EB-498B-81B2-ABD6EAAF9C94}.Release|Any CPU.ActiveCfg = Release|Any CPU
		{F6AAACBD-F8EB-498B-81B2-ABD6EAAF9C94}.Release|Any CPU.Build.0 = Release|Any CPU
		{BE74BA66-8FED-4686-A024-162E58784AFF}.Debug|Any CPU.ActiveCfg = Debug|Any CPU
		{BE74BA66-8FED-4686-A024-162E58784AFF}.Debug|Any CPU.Build.0 = Debug|Any CPU
		{BE74BA66-8FED-4686-A024-162E58784AFF}.Release|Any CPU.ActiveCfg = Release|Any CPU
		{BE74BA66-8FED-4686-A024-162E58784AFF}.Release|Any CPU.Build.0 = Release|Any CPU
		{9F1321DC-F3DE-41E2-AE6B-5C4654599CFF}.Debug|Any CPU.ActiveCfg = Debug|Any CPU
		{9F1321DC-F3DE-41E2-AE6B-5C4654599CFF}.Debug|Any CPU.Build.0 = Debug|Any CPU
		{9F1321DC-F3DE-41E2-AE6B-5C4654599CFF}.Release|Any CPU.ActiveCfg = Release|Any CPU
		{9F1321DC-F3DE-41E2-AE6B-5C4654599CFF}.Release|Any CPU.Build.0 = Release|Any CPU
	EndGlobalSection
	GlobalSection(SolutionProperties) = preSolution
		HideSolutionNode = FALSE
	EndGlobalSection
	GlobalSection(ExtensibilityGlobals) = postSolution
		SolutionGuid = {DF1084D6-D83A-4A44-B234-244C18D23F82}
	EndGlobalSection
EndGlobal
